// !$*UTF8*$!
{
	archiveVersion = 1;
	classes = {
	};
	objectVersion = 46;
	objects = {

/* Begin PBXBuildFile section */
		4F0261D115612EA300DF545F /* TPIdentifier.m in Sources */ = {isa = PBXBuildFile; fileRef = 4F0261D015612EA300DF545F /* TPIdentifier.m */; };
		4F09520D155C767800C15D6E /* UIKit.framework in Frameworks */ = {isa = PBXBuildFile; fileRef = 4F09520C155C767800C15D6E /* UIKit.framework */; };
		4F09520F155C767800C15D6E /* Foundation.framework in Frameworks */ = {isa = PBXBuildFile; fileRef = 4F09520E155C767800C15D6E /* Foundation.framework */; };
		4F095211155C767800C15D6E /* CoreGraphics.framework in Frameworks */ = {isa = PBXBuildFile; fileRef = 4F095210155C767800C15D6E /* CoreGraphics.framework */; };
		4F095217155C767800C15D6E /* InfoPlist.strings in Resources */ = {isa = PBXBuildFile; fileRef = 4F095215155C767800C15D6E /* InfoPlist.strings */; };
		4F095219155C767800C15D6E /* main.m in Sources */ = {isa = PBXBuildFile; fileRef = 4F095218155C767800C15D6E /* main.m */; };
		4F09521D155C767800C15D6E /* AppDelegate.m in Sources */ = {isa = PBXBuildFile; fileRef = 4F09521C155C767800C15D6E /* AppDelegate.m */; };
		4F095220155C767800C15D6E /* MainStoryboard_iPhone.storyboard in Resources */ = {isa = PBXBuildFile; fileRef = 4F09521E155C767800C15D6E /* MainStoryboard_iPhone.storyboard */; };
		4F095223155C767800C15D6E /* MainStoryboard_iPad.storyboard in Resources */ = {isa = PBXBuildFile; fileRef = 4F095221155C767800C15D6E /* MainStoryboard_iPad.storyboard */; };
		4F095226155C767800C15D6E /* ViewController.m in Sources */ = {isa = PBXBuildFile; fileRef = 4F095225155C767800C15D6E /* ViewController.m */; };
		4F09522E155C76D800C15D6E /* Storage.m in Sources */ = {isa = PBXBuildFile; fileRef = 4F09522D155C76D800C15D6E /* Storage.m */; };
		4F095231155C7AA900C15D6E /* HTMLParser.m in Sources */ = {isa = PBXBuildFile; fileRef = 4F095230155C7AA900C15D6E /* HTMLParser.m */; };
		4F095236155C7B0100C15D6E /* HTMLNode.m in Sources */ = {isa = PBXBuildFile; fileRef = 4F095235155C7B0100C15D6E /* HTMLNode.m */; };
		4F095238155C7B6100C15D6E /* libxml2.2.dylib in Frameworks */ = {isa = PBXBuildFile; fileRef = 4F095237155C7B6100C15D6E /* libxml2.2.dylib */; };
		4F09523C155C7CB200C15D6E /* Troop.m in Sources */ = {isa = PBXBuildFile; fileRef = 4F09523B155C7CB200C15D6E /* Troop.m */; };
		4F09523F155C7DE400C15D6E /* Resources.m in Sources */ = {isa = PBXBuildFile; fileRef = 4F09523E155C7DE400C15D6E /* Resources.m */; };
		4F095242155C7F6300C15D6E /* Village.m in Sources */ = {isa = PBXBuildFile; fileRef = 4F095241155C7F6300C15D6E /* Village.m */; };
		4F095245155C804400C15D6E /* Account.m in Sources */ = {isa = PBXBuildFile; fileRef = 4F095244155C804400C15D6E /* Account.m */; };
		4F095293155DD2CB00C15D6E /* Hero.m in Sources */ = {isa = PBXBuildFile; fileRef = 4F095292155DD2CB00C15D6E /* Hero.m */; };
		4F095296155DD53300C15D6E /* HeroQuest.m in Sources */ = {isa = PBXBuildFile; fileRef = 4F095295155DD53300C15D6E /* HeroQuest.m */; };
		4FDA07851563189200E9C6C2 /* ResourcesProduction.m in Sources */ = {isa = PBXBuildFile; fileRef = 4FDA07841563189100E9C6C2 /* ResourcesProduction.m */; };
/* End PBXBuildFile section */

/* Begin PBXFileReference section */
		4F0261CF15612EA300DF545F /* TPIdentifier.h */ = {isa = PBXFileReference; fileEncoding = 4; lastKnownFileType = sourcecode.c.h; path = TPIdentifier.h; sourceTree = "<group>"; };
		4F0261D015612EA300DF545F /* TPIdentifier.m */ = {isa = PBXFileReference; fileEncoding = 4; lastKnownFileType = sourcecode.c.objc; path = TPIdentifier.m; sourceTree = "<group>"; };
		4F095208155C767800C15D6E /* Travian Manager.app */ = {isa = PBXFileReference; explicitFileType = wrapper.application; includeInIndex = 0; path = "Travian Manager.app"; sourceTree = BUILT_PRODUCTS_DIR; };
		4F09520C155C767800C15D6E /* UIKit.framework */ = {isa = PBXFileReference; lastKnownFileType = wrapper.framework; name = UIKit.framework; path = System/Library/Frameworks/UIKit.framework; sourceTree = SDKROOT; };
		4F09520E155C767800C15D6E /* Foundation.framework */ = {isa = PBXFileReference; lastKnownFileType = wrapper.framework; name = Foundation.framework; path = System/Library/Frameworks/Foundation.framework; sourceTree = SDKROOT; };
		4F095210155C767800C15D6E /* CoreGraphics.framework */ = {isa = PBXFileReference; lastKnownFileType = wrapper.framework; name = CoreGraphics.framework; path = System/Library/Frameworks/CoreGraphics.framework; sourceTree = SDKROOT; };
		4F095214155C767800C15D6E /* Travian Manager-Info.plist */ = {isa = PBXFileReference; lastKnownFileType = text.plist.xml; path = "Travian Manager-Info.plist"; sourceTree = "<group>"; };
		4F095216155C767800C15D6E /* en */ = {isa = PBXFileReference; lastKnownFileType = text.plist.strings; name = en; path = en.lproj/InfoPlist.strings; sourceTree = "<group>"; };
		4F095218155C767800C15D6E /* main.m */ = {isa = PBXFileReference; lastKnownFileType = sourcecode.c.objc; path = main.m; sourceTree = "<group>"; };
		4F09521A155C767800C15D6E /* Travian Manager-Prefix.pch */ = {isa = PBXFileReference; lastKnownFileType = sourcecode.c.h; path = "Travian Manager-Prefix.pch"; sourceTree = "<group>"; };
		4F09521B155C767800C15D6E /* AppDelegate.h */ = {isa = PBXFileReference; lastKnownFileType = sourcecode.c.h; path = AppDelegate.h; sourceTree = "<group>"; };
		4F09521C155C767800C15D6E /* AppDelegate.m */ = {isa = PBXFileReference; lastKnownFileType = sourcecode.c.objc; path = AppDelegate.m; sourceTree = "<group>"; };
		4F09521F155C767800C15D6E /* en */ = {isa = PBXFileReference; lastKnownFileType = file.storyboard; name = en; path = en.lproj/MainStoryboard_iPhone.storyboard; sourceTree = "<group>"; };
		4F095222155C767800C15D6E /* en */ = {isa = PBXFileReference; lastKnownFileType = file.storyboard; name = en; path = en.lproj/MainStoryboard_iPad.storyboard; sourceTree = "<group>"; };
		4F095224155C767800C15D6E /* ViewController.h */ = {isa = PBXFileReference; lastKnownFileType = sourcecode.c.h; path = ViewController.h; sourceTree = "<group>"; };
		4F095225155C767800C15D6E /* ViewController.m */ = {isa = PBXFileReference; lastKnownFileType = sourcecode.c.objc; path = ViewController.m; sourceTree = "<group>"; };
		4F09522C155C76D800C15D6E /* Storage.h */ = {isa = PBXFileReference; fileEncoding = 4; lastKnownFileType = sourcecode.c.h; path = Storage.h; sourceTree = "<group>"; };
		4F09522D155C76D800C15D6E /* Storage.m */ = {isa = PBXFileReference; fileEncoding = 4; lastKnownFileType = sourcecode.c.objc; path = Storage.m; sourceTree = "<group>"; };
		4F09522F155C7AA900C15D6E /* HTMLParser.h */ = {isa = PBXFileReference; fileEncoding = 4; lastKnownFileType = sourcecode.c.h; path = HTMLParser.h; sourceTree = "<group>"; };
		4F095230155C7AA900C15D6E /* HTMLParser.m */ = {isa = PBXFileReference; fileEncoding = 4; lastKnownFileType = sourcecode.c.objc; path = HTMLParser.m; sourceTree = "<group>"; };
		4F095234155C7B0100C15D6E /* HTMLNode.h */ = {isa = PBXFileReference; fileEncoding = 4; lastKnownFileType = sourcecode.c.h; path = HTMLNode.h; sourceTree = "<group>"; };
		4F095235155C7B0100C15D6E /* HTMLNode.m */ = {isa = PBXFileReference; fileEncoding = 4; lastKnownFileType = sourcecode.c.objc; path = HTMLNode.m; sourceTree = "<group>"; };
		4F095237155C7B6100C15D6E /* libxml2.2.dylib */ = {isa = PBXFileReference; lastKnownFileType = "compiled.mach-o.dylib"; name = libxml2.2.dylib; path = usr/lib/libxml2.2.dylib; sourceTree = SDKROOT; };
		4F09523A155C7CB200C15D6E /* Troop.h */ = {isa = PBXFileReference; fileEncoding = 4; lastKnownFileType = sourcecode.c.h; path = Troop.h; sourceTree = "<group>"; };
		4F09523B155C7CB200C15D6E /* Troop.m */ = {isa = PBXFileReference; fileEncoding = 4; lastKnownFileType = sourcecode.c.objc; path = Troop.m; sourceTree = "<group>"; };
		4F09523D155C7DE400C15D6E /* Resources.h */ = {isa = PBXFileReference; fileEncoding = 4; lastKnownFileType = sourcecode.c.h; path = Resources.h; sourceTree = "<group>"; };
		4F09523E155C7DE400C15D6E /* Resources.m */ = {isa = PBXFileReference; fileEncoding = 4; lastKnownFileType = sourcecode.c.objc; path = Resources.m; sourceTree = "<group>"; };
		4F095240155C7F6300C15D6E /* Village.h */ = {isa = PBXFileReference; fileEncoding = 4; lastKnownFileType = sourcecode.c.h; path = Village.h; sourceTree = "<group>"; };
		4F095241155C7F6300C15D6E /* Village.m */ = {isa = PBXFileReference; fileEncoding = 4; lastKnownFileType = sourcecode.c.objc; path = Village.m; sourceTree = "<group>"; };
		4F095243155C804400C15D6E /* Account.h */ = {isa = PBXFileReference; fileEncoding = 4; lastKnownFileType = sourcecode.c.h; path = Account.h; sourceTree = "<group>"; };
		4F095244155C804400C15D6E /* Account.m */ = {isa = PBXFileReference; fileEncoding = 4; lastKnownFileType = sourcecode.c.objc; path = Account.m; sourceTree = "<group>"; };
		4F095291155DD2CB00C15D6E /* Hero.h */ = {isa = PBXFileReference; fileEncoding = 4; lastKnownFileType = sourcecode.c.h; path = Hero.h; sourceTree = "<group>"; };
		4F095292155DD2CB00C15D6E /* Hero.m */ = {isa = PBXFileReference; fileEncoding = 4; lastKnownFileType = sourcecode.c.objc; path = Hero.m; sourceTree = "<group>"; };
		4F095294155DD53300C15D6E /* HeroQuest.h */ = {isa = PBXFileReference; fileEncoding = 4; lastKnownFileType = sourcecode.c.h; path = HeroQuest.h; sourceTree = "<group>"; };
		4F095295155DD53300C15D6E /* HeroQuest.m */ = {isa = PBXFileReference; fileEncoding = 4; lastKnownFileType = sourcecode.c.objc; path = HeroQuest.m; sourceTree = "<group>"; };
		4F38F938156008FE00AF2E82 /* TravianPages.h */ = {isa = PBXFileReference; lastKnownFileType = sourcecode.c.h; path = TravianPages.h; sourceTree = "<group>"; };
		4F38F93A15600B6700AF2E82 /* TravianPageParsingProtocol.h */ = {isa = PBXFileReference; lastKnownFileType = sourcecode.c.h; path = TravianPageParsingProtocol.h; sourceTree = "<group>"; };
		4FDA07831563189100E9C6C2 /* ResourcesProduction.h */ = {isa = PBXFileReference; fileEncoding = 4; lastKnownFileType = sourcecode.c.h; path = ResourcesProduction.h; sourceTree = "<group>"; };
		4FDA07841563189100E9C6C2 /* ResourcesProduction.m */ = {isa = PBXFileReference; fileEncoding = 4; lastKnownFileType = sourcecode.c.objc; path = ResourcesProduction.m; sourceTree = "<group>"; };
/* End PBXFileReference section */

/* Begin PBXFrameworksBuildPhase section */
		4F095205155C767700C15D6E /* Frameworks */ = {
			isa = PBXFrameworksBuildPhase;
			buildActionMask = 2147483647;
			files = (
				4F095238155C7B6100C15D6E /* libxml2.2.dylib in Frameworks */,
				4F09520D155C767800C15D6E /* UIKit.framework in Frameworks */,
				4F09520F155C767800C15D6E /* Foundation.framework in Frameworks */,
				4F095211155C767800C15D6E /* CoreGraphics.framework in Frameworks */,
			);
			runOnlyForDeploymentPostprocessing = 0;
		};
/* End PBXFrameworksBuildPhase section */

/* Begin PBXGroup section */
		4F0951FD155C767700C15D6E = {
			isa = PBXGroup;
			children = (
				4F095212155C767800C15D6E /* Travian Manager */,
				4F09520B155C767800C15D6E /* Frameworks */,
				4F095209155C767800C15D6E /* Products */,
			);
			sourceTree = "<group>";
		};
		4F095209155C767800C15D6E /* Products */ = {
			isa = PBXGroup;
			children = (
				4F095208155C767800C15D6E /* Travian Manager.app */,
			);
			name = Products;
			sourceTree = "<group>";
		};
		4F09520B155C767800C15D6E /* Frameworks */ = {
			isa = PBXGroup;
			children = (
				4F095237155C7B6100C15D6E /* libxml2.2.dylib */,
				4F09520C155C767800C15D6E /* UIKit.framework */,
				4F09520E155C767800C15D6E /* Foundation.framework */,
				4F095210155C767800C15D6E /* CoreGraphics.framework */,
			);
			name = Frameworks;
			sourceTree = "<group>";
		};
		4F095212155C767800C15D6E /* Travian Manager */ = {
			isa = PBXGroup;
			children = (
				4F09521B155C767800C15D6E /* AppDelegate.h */,
				4F09521C155C767800C15D6E /* AppDelegate.m */,
				4F09522C155C76D800C15D6E /* Storage.h */,
				4F09522D155C76D800C15D6E /* Storage.m */,
				4F095243155C804400C15D6E /* Account.h */,
				4F095244155C804400C15D6E /* Account.m */,
				4F095240155C7F6300C15D6E /* Village.h */,
				4F095241155C7F6300C15D6E /* Village.m */,
				4F09523D155C7DE400C15D6E /* Resources.h */,
				4F09523E155C7DE400C15D6E /* Resources.m */,
				4FDA07831563189100E9C6C2 /* ResourcesProduction.h */,
				4FDA07841563189100E9C6C2 /* ResourcesProduction.m */,
				4F09523A155C7CB200C15D6E /* Troop.h */,
				4F09523B155C7CB200C15D6E /* Troop.m */,
				4F095291155DD2CB00C15D6E /* Hero.h */,
				4F095292155DD2CB00C15D6E /* Hero.m */,
				4F095294155DD53300C15D6E /* HeroQuest.h */,
				4F095295155DD53300C15D6E /* HeroQuest.m */,
				4F095224155C767800C15D6E /* ViewController.h */,
				4F095225155C767800C15D6E /* ViewController.m */,
				4F09521E155C767800C15D6E /* MainStoryboard_iPhone.storyboard */,
				4F095221155C767800C15D6E /* MainStoryboard_iPad.storyboard */,
				4F0261CF15612EA300DF545F /* TPIdentifier.h */,
				4F0261D015612EA300DF545F /* TPIdentifier.m */,
				4F38F93A15600B6700AF2E82 /* TravianPageParsingProtocol.h */,
				4F38F938156008FE00AF2E82 /* TravianPages.h */,
				4F095239155C7C6300C15D6E /* HTMLParser */,
				4F095213155C767800C15D6E /* Supporting Files */,
			);
			path = "Travian Manager";
			sourceTree = "<group>";
		};
		4F095213155C767800C15D6E /* Supporting Files */ = {
			isa = PBXGroup;
			children = (
				4F095214155C767800C15D6E /* Travian Manager-Info.plist */,
				4F095215155C767800C15D6E /* InfoPlist.strings */,
				4F095218155C767800C15D6E /* main.m */,
				4F09521A155C767800C15D6E /* Travian Manager-Prefix.pch */,
			);
			name = "Supporting Files";
			sourceTree = "<group>";
		};
		4F095239155C7C6300C15D6E /* HTMLParser */ = {
			isa = PBXGroup;
			children = (
				4F09522F155C7AA900C15D6E /* HTMLParser.h */,
				4F095230155C7AA900C15D6E /* HTMLParser.m */,
				4F095234155C7B0100C15D6E /* HTMLNode.h */,
				4F095235155C7B0100C15D6E /* HTMLNode.m */,
			);
			name = HTMLParser;
			sourceTree = "<group>";
		};
/* End PBXGroup section */

/* Begin PBXNativeTarget section */
		4F095207155C767700C15D6E /* Travian Manager */ = {
			isa = PBXNativeTarget;
			buildConfigurationList = 4F095229155C767800C15D6E /* Build configuration list for PBXNativeTarget "Travian Manager" */;
			buildPhases = (
				4F095204155C767700C15D6E /* Sources */,
				4F095205155C767700C15D6E /* Frameworks */,
				4F095206155C767700C15D6E /* Resources */,
			);
			buildRules = (
			);
			dependencies = (
			);
			name = "Travian Manager";
			productName = "Travian Manager";
			productReference = 4F095208155C767800C15D6E /* Travian Manager.app */;
			productType = "com.apple.product-type.application";
		};
/* End PBXNativeTarget section */

/* Begin PBXProject section */
		4F0951FF155C767700C15D6E /* Project object */ = {
			isa = PBXProject;
			attributes = {
				LastUpgradeCheck = 0430;
			};
			buildConfigurationList = 4F095202155C767700C15D6E /* Build configuration list for PBXProject "Travian Manager" */;
			compatibilityVersion = "Xcode 3.2";
			developmentRegion = English;
			hasScannedForEncodings = 0;
			knownRegions = (
				en,
			);
			mainGroup = 4F0951FD155C767700C15D6E;
			productRefGroup = 4F095209155C767800C15D6E /* Products */;
			projectDirPath = "";
			projectRoot = "";
			targets = (
				4F095207155C767700C15D6E /* Travian Manager */,
			);
		};
/* End PBXProject section */

/* Begin PBXResourcesBuildPhase section */
		4F095206155C767700C15D6E /* Resources */ = {
			isa = PBXResourcesBuildPhase;
			buildActionMask = 2147483647;
			files = (
				4F095217155C767800C15D6E /* InfoPlist.strings in Resources */,
				4F095220155C767800C15D6E /* MainStoryboard_iPhone.storyboard in Resources */,
				4F095223155C767800C15D6E /* MainStoryboard_iPad.storyboard in Resources */,
			);
			runOnlyForDeploymentPostprocessing = 0;
		};
/* End PBXResourcesBuildPhase section */

/* Begin PBXSourcesBuildPhase section */
		4F095204155C767700C15D6E /* Sources */ = {
			isa = PBXSourcesBuildPhase;
			buildActionMask = 2147483647;
			files = (
				4F095219155C767800C15D6E /* main.m in Sources */,
				4F09521D155C767800C15D6E /* AppDelegate.m in Sources */,
				4F095226155C767800C15D6E /* ViewController.m in Sources */,
				4F09522E155C76D800C15D6E /* Storage.m in Sources */,
				4F095231155C7AA900C15D6E /* HTMLParser.m in Sources */,
				4F095236155C7B0100C15D6E /* HTMLNode.m in Sources */,
				4F09523C155C7CB200C15D6E /* Troop.m in Sources */,
				4F09523F155C7DE400C15D6E /* Resources.m in Sources */,
				4F095242155C7F6300C15D6E /* Village.m in Sources */,
				4F095245155C804400C15D6E /* Account.m in Sources */,
				4F095293155DD2CB00C15D6E /* Hero.m in Sources */,
				4F095296155DD53300C15D6E /* HeroQuest.m in Sources */,
				4F0261D115612EA300DF545F /* TPIdentifier.m in Sources */,
				4FDA07851563189200E9C6C2 /* ResourcesProduction.m in Sources */,
			);
			runOnlyForDeploymentPostprocessing = 0;
		};
/* End PBXSourcesBuildPhase section */

/* Begin PBXVariantGroup section */
		4F095215155C767800C15D6E /* InfoPlist.strings */ = {
			isa = PBXVariantGroup;
			children = (
				4F095216155C767800C15D6E /* en */,
			);
			name = InfoPlist.strings;
			sourceTree = "<group>";
		};
		4F09521E155C767800C15D6E /* MainStoryboard_iPhone.storyboard */ = {
			isa = PBXVariantGroup;
			children = (
				4F09521F155C767800C15D6E /* en */,
			);
			name = MainStoryboard_iPhone.storyboard;
			sourceTree = "<group>";
		};
		4F095221155C767800C15D6E /* MainStoryboard_iPad.storyboard */ = {
			isa = PBXVariantGroup;
			children = (
				4F095222155C767800C15D6E /* en */,
			);
			name = MainStoryboard_iPad.storyboard;
			sourceTree = "<group>";
		};
/* End PBXVariantGroup section */

/* Begin XCBuildConfiguration section */
		4F095227155C767800C15D6E /* Debug */ = {
			isa = XCBuildConfiguration;
			buildSettings = {
				ALWAYS_SEARCH_USER_PATHS = NO;
				ARCHS = "$(ARCHS_STANDARD_32_BIT)";
				CLANG_ENABLE_OBJC_ARC = YES;
				"CODE_SIGN_IDENTITY[sdk=iphoneos*]" = "iPhone Developer";
				COPY_PHASE_STRIP = NO;
				GCC_C_LANGUAGE_STANDARD = gnu99;
				GCC_DYNAMIC_NO_PIC = NO;
				GCC_OPTIMIZATION_LEVEL = 0;
				GCC_PREPROCESSOR_DEFINITIONS = (
					"DEBUG=1",
					"$(inherited)",
				);
				GCC_SYMBOLS_PRIVATE_EXTERN = NO;
				GCC_VERSION = com.apple.compilers.llvm.clang.1_0;
				GCC_WARN_ABOUT_RETURN_TYPE = YES;
				GCC_WARN_UNINITIALIZED_AUTOS = YES;
				GCC_WARN_UNUSED_VARIABLE = YES;
				IPHONEOS_DEPLOYMENT_TARGET = 5.1;
				SDKROOT = iphoneos;
				TARGETED_DEVICE_FAMILY = "1,2";
			};
			name = Debug;
		};
		4F095228155C767800C15D6E /* Release */ = {
			isa = XCBuildConfiguration;
			buildSettings = {
				ALWAYS_SEARCH_USER_PATHS = NO;
				ARCHS = "$(ARCHS_STANDARD_32_BIT)";
				CLANG_ENABLE_OBJC_ARC = YES;
				"CODE_SIGN_IDENTITY[sdk=iphoneos*]" = "iPhone Developer";
				COPY_PHASE_STRIP = YES;
				GCC_C_LANGUAGE_STANDARD = gnu99;
				GCC_VERSION = com.apple.compilers.llvm.clang.1_0;
				GCC_WARN_ABOUT_RETURN_TYPE = YES;
				GCC_WARN_UNINITIALIZED_AUTOS = YES;
				GCC_WARN_UNUSED_VARIABLE = YES;
				IPHONEOS_DEPLOYMENT_TARGET = 5.1;
				OTHER_CFLAGS = "-DNS_BLOCK_ASSERTIONS=1";
				SDKROOT = iphoneos;
				TARGETED_DEVICE_FAMILY = "1,2";
				VALIDATE_PRODUCT = YES;
			};
			name = Release;
		};
		4F09522A155C767800C15D6E /* Debug */ = {
			isa = XCBuildConfiguration;
			buildSettings = {
				GCC_PRECOMPILE_PREFIX_HEADER = YES;
				GCC_PREFIX_HEADER = "Travian Manager/Travian Manager-Prefix.pch";
				HEADER_SEARCH_PATHS = "/usr/include/libxml2/**";
				INFOPLIST_FILE = "Travian Manager/Travian Manager-Info.plist";
				IPHONEOS_DEPLOYMENT_TARGET = 5.1;
				PRODUCT_NAME = "$(TARGET_NAME)";
				WRAPPER_EXTENSION = app;
			};
			name = Debug;
		};
		4F09522B155C767800C15D6E /* Release */ = {
			isa = XCBuildConfiguration;
			buildSettings = {
				GCC_PRECOMPILE_PREFIX_HEADER = YES;
				GCC_PREFIX_HEADER = "Travian Manager/Travian Manager-Prefix.pch";
				HEADER_SEARCH_PATHS = "/usr/include/libxml2/**";
				INFOPLIST_FILE = "Travian Manager/Travian Manager-Info.plist";
				IPHONEOS_DEPLOYMENT_TARGET = 5.1;
				PRODUCT_NAME = "$(TARGET_NAME)";
				WRAPPER_EXTENSION = app;
			};
			name = Release;
		};
/* End XCBuildConfiguration section */

/* Begin XCConfigurationList section */
		4F095202155C767700C15D6E /* Build configuration list for PBXProject "Travian Manager" */ = {
			isa = XCConfigurationList;
			buildConfigurations = (
				4F095227155C767800C15D6E /* Debug */,
				4F095228155C767800C15D6E /* Release */,
			);
			defaultConfigurationIsVisible = 0;
			defaultConfigurationName = Release;
		};
		4F095229155C767800C15D6E /* Build configuration list for PBXNativeTarget "Travian Manager" */ = {
			isa = XCConfigurationList;
			buildConfigurations = (
				4F09522A155C767800C15D6E /* Debug */,
				4F09522B155C767800C15D6E /* Release */,
			);
			defaultConfigurationIsVisible = 0;
			defaultConfigurationName = Release;
		};
/* End XCConfigurationList section */
	};
	rootObject = 4F0951FF155C767700C15D6E /* Project object */;
}
