// !$*UTF8*$!
{
	archiveVersion = 1;
	classes = {
	};
	objectVersion = 46;
	objects = {

/* Begin PBXBuildFile section */
		4F0261D115612EA300DF545F /* TPIdentifier.m in Sources */ = {isa = PBXBuildFile; fileRef = 4F0261D015612EA300DF545F /* TPIdentifier.m */; };
		4F04DA2915ED632700DAF6E7 /* PHVBarracksCell.m in Sources */ = {isa = PBXBuildFile; fileRef = 4F04DA2815ED632700DAF6E7 /* PHVBarracksCell.m */; };
		4F04DA2D15EEDFDE00DAF6E7 /* PHAccountTextFieldCell.m in Sources */ = {isa = PBXBuildFile; fileRef = 4F04DA2C15EEDFDE00DAF6E7 /* PHAccountTextFieldCell.m */; };
		4F04DA3015EEE02300DAF6E7 /* PHAccountTextFieldRightCell.m in Sources */ = {isa = PBXBuildFile; fileRef = 4F04DA2F15EEE02300DAF6E7 /* PHAccountTextFieldRightCell.m */; };
		4F09520D155C767800C15D6E /* UIKit.framework in Frameworks */ = {isa = PBXBuildFile; fileRef = 4F09520C155C767800C15D6E /* UIKit.framework */; };
		4F09520F155C767800C15D6E /* Foundation.framework in Frameworks */ = {isa = PBXBuildFile; fileRef = 4F09520E155C767800C15D6E /* Foundation.framework */; };
		4F095211155C767800C15D6E /* CoreGraphics.framework in Frameworks */ = {isa = PBXBuildFile; fileRef = 4F095210155C767800C15D6E /* CoreGraphics.framework */; };
		4F095217155C767800C15D6E /* InfoPlist.strings in Resources */ = {isa = PBXBuildFile; fileRef = 4F095215155C767800C15D6E /* InfoPlist.strings */; };
		4F095219155C767800C15D6E /* main.m in Sources */ = {isa = PBXBuildFile; fileRef = 4F095218155C767800C15D6E /* main.m */; };
		4F09521D155C767800C15D6E /* AppDelegate.m in Sources */ = {isa = PBXBuildFile; fileRef = 4F09521C155C767800C15D6E /* AppDelegate.m */; };
		4F095220155C767800C15D6E /* MainStoryboard_iPhone.storyboard in Resources */ = {isa = PBXBuildFile; fileRef = 4F09521E155C767800C15D6E /* MainStoryboard_iPhone.storyboard */; };
		4F095223155C767800C15D6E /* MainStoryboard_iPad.storyboard in Resources */ = {isa = PBXBuildFile; fileRef = 4F095221155C767800C15D6E /* MainStoryboard_iPad.storyboard */; };
		4F09522E155C76D800C15D6E /* Storage.m in Sources */ = {isa = PBXBuildFile; fileRef = 4F09522D155C76D800C15D6E /* Storage.m */; };
		4F095231155C7AA900C15D6E /* HTMLParser.m in Sources */ = {isa = PBXBuildFile; fileRef = 4F095230155C7AA900C15D6E /* HTMLParser.m */; };
		4F095236155C7B0100C15D6E /* HTMLNode.m in Sources */ = {isa = PBXBuildFile; fileRef = 4F095235155C7B0100C15D6E /* HTMLNode.m */; };
		4F095238155C7B6100C15D6E /* libxml2.2.dylib in Frameworks */ = {isa = PBXBuildFile; fileRef = 4F095237155C7B6100C15D6E /* libxml2.2.dylib */; };
		4F09523C155C7CB200C15D6E /* Troop.m in Sources */ = {isa = PBXBuildFile; fileRef = 4F09523B155C7CB200C15D6E /* Troop.m */; };
		4F09523F155C7DE400C15D6E /* Resources.m in Sources */ = {isa = PBXBuildFile; fileRef = 4F09523E155C7DE400C15D6E /* Resources.m */; };
		4F095242155C7F6300C15D6E /* Village.m in Sources */ = {isa = PBXBuildFile; fileRef = 4F095241155C7F6300C15D6E /* Village.m */; };
		4F095245155C804400C15D6E /* Account.m in Sources */ = {isa = PBXBuildFile; fileRef = 4F095244155C804400C15D6E /* Account.m */; };
		4F095293155DD2CB00C15D6E /* Hero.m in Sources */ = {isa = PBXBuildFile; fileRef = 4F095292155DD2CB00C15D6E /* Hero.m */; };
		4F095296155DD53300C15D6E /* HeroQuest.m in Sources */ = {isa = PBXBuildFile; fileRef = 4F095295155DD53300C15D6E /* HeroQuest.m */; };
		4F0C318C167B931200D28AE9 /* PHMessageCell.m in Sources */ = {isa = PBXBuildFile; fileRef = 4F0C318B167B931200D28AE9 /* PHMessageCell.m */; };
		4F0D502F156D36CA005065AE /* Movement.m in Sources */ = {isa = PBXBuildFile; fileRef = 4F0D502E156D36CA005065AE /* Movement.m */; };
		4F15441D15D47E5E00EA58EC /* BackButton.png in Resources */ = {isa = PBXBuildFile; fileRef = 4F15441915D47E5E00EA58EC /* BackButton.png */; };
		4F15441E15D47E5E00EA58EC /* BackButton@2x.png in Resources */ = {isa = PBXBuildFile; fileRef = 4F15441A15D47E5E00EA58EC /* BackButton@2x.png */; };
		4F15442F15D4847900EA58EC /* ButtonStateNormal.png in Resources */ = {isa = PBXBuildFile; fileRef = 4F15442D15D4847900EA58EC /* ButtonStateNormal.png */; };
		4F15443015D4847900EA58EC /* ButtonStateNormal@2x.png in Resources */ = {isa = PBXBuildFile; fileRef = 4F15442E15D4847900EA58EC /* ButtonStateNormal@2x.png */; };
		4F15443515D4863200EA58EC /* BackButtonLandscape.png in Resources */ = {isa = PBXBuildFile; fileRef = 4F15443115D4863200EA58EC /* BackButtonLandscape.png */; };
		4F15443615D4863200EA58EC /* BackButtonLandscape@2x.png in Resources */ = {isa = PBXBuildFile; fileRef = 4F15443215D4863200EA58EC /* BackButtonLandscape@2x.png */; };
		4F15443715D4863200EA58EC /* ButtonStyleNormalLandscape.png in Resources */ = {isa = PBXBuildFile; fileRef = 4F15443315D4863200EA58EC /* ButtonStyleNormalLandscape.png */; };
		4F15443815D4863200EA58EC /* ButtonStyleNormalLandscape@2x.png in Resources */ = {isa = PBXBuildFile; fileRef = 4F15443415D4863200EA58EC /* ButtonStyleNormalLandscape@2x.png */; };
		4F2440C01645C31100EEBC93 /* Stable.m in Sources */ = {isa = PBXBuildFile; fileRef = 4F2440BF1645C31100EEBC93 /* Stable.m */; };
		4F2440C31645C71B00EEBC93 /* Workshop.m in Sources */ = {isa = PBXBuildFile; fileRef = 4F2440C21645C71B00EEBC93 /* Workshop.m */; };
		4F2440C61645C85C00EEBC93 /* TownHall.m in Sources */ = {isa = PBXBuildFile; fileRef = 4F2440C51645C85C00EEBC93 /* TownHall.m */; };
		4F24E90C167BA7ED002367B7 /* unreadNotification.png in Resources */ = {isa = PBXBuildFile; fileRef = 4F24E90A167BA7ED002367B7 /* unreadNotification.png */; };
		4F24E90D167BA7ED002367B7 /* unreadNotification@2x.png in Resources */ = {isa = PBXBuildFile; fileRef = 4F24E90B167BA7ED002367B7 /* unreadNotification@2x.png */; };
		4F24E912167BC077002367B7 /* checkBoxBlank.png in Resources */ = {isa = PBXBuildFile; fileRef = 4F24E90E167BC077002367B7 /* checkBoxBlank.png */; };
		4F24E913167BC077002367B7 /* checkBoxBlank@2x.png in Resources */ = {isa = PBXBuildFile; fileRef = 4F24E90F167BC077002367B7 /* checkBoxBlank@2x.png */; };
		4F24E914167BC077002367B7 /* checkBoxDelete.png in Resources */ = {isa = PBXBuildFile; fileRef = 4F24E910167BC077002367B7 /* checkBoxDelete.png */; };
		4F24E915167BC077002367B7 /* checkBoxDelete@2x.png in Resources */ = {isa = PBXBuildFile; fileRef = 4F24E911167BC077002367B7 /* checkBoxDelete@2x.png */; };
		4F28C73B15BB1A9500C976E3 /* PHAccountsViewController.m in Sources */ = {isa = PBXBuildFile; fileRef = 4F28C73A15BB1A9500C976E3 /* PHAccountsViewController.m */; };
		4F28C74115BB358500C976E3 /* PHAccountDetailsViewController.m in Sources */ = {isa = PBXBuildFile; fileRef = 4F28C74015BB358500C976E3 /* PHAccountDetailsViewController.m */; };
		4F2D975A15D68925007E589D /* SelectedCell.png in Resources */ = {isa = PBXBuildFile; fileRef = 4F2D975815D68925007E589D /* SelectedCell.png */; };
		4F2D975B15D68925007E589D /* SelectedCell@2x.png in Resources */ = {isa = PBXBuildFile; fileRef = 4F2D975915D68925007E589D /* SelectedCell@2x.png */; };
		4F4A52B915C96B20005F3708 /* PHVOpenBuildingViewController.m in Sources */ = {isa = PBXBuildFile; fileRef = 4F4A52B815C96B20005F3708 /* PHVOpenBuildingViewController.m */; };
		4F509F5A15C5A64C00A15924 /* PHVResourcesViewController.m in Sources */ = {isa = PBXBuildFile; fileRef = 4F509F5915C5A64C00A15924 /* PHVResourcesViewController.m */; };
		4F509F5E15C5BC9300A15924 /* PHVTroopsViewController.m in Sources */ = {isa = PBXBuildFile; fileRef = 4F509F5D15C5BC9300A15924 /* PHVTroopsViewController.m */; };
		4F509F6115C5C08600A15924 /* PHVBuildingsViewController.m in Sources */ = {isa = PBXBuildFile; fileRef = 4F509F6015C5C08600A15924 /* PHVBuildingsViewController.m */; };
		4F57048215CEE126001614AC /* 102-walk.png in Resources */ = {isa = PBXBuildFile; fileRef = 4F57044815CEE126001614AC /* 102-walk.png */; };
		4F57048315CEE126001614AC /* 102-walk@2x.png in Resources */ = {isa = PBXBuildFile; fileRef = 4F57044915CEE126001614AC /* 102-walk@2x.png */; };
		4F57048415CEE126001614AC /* 103-map.png in Resources */ = {isa = PBXBuildFile; fileRef = 4F57044A15CEE126001614AC /* 103-map.png */; };
		4F57048515CEE126001614AC /* 103-map@2x.png in Resources */ = {isa = PBXBuildFile; fileRef = 4F57044B15CEE126001614AC /* 103-map@2x.png */; };
		4F57048615CEE126001614AC /* 106-sliders.png in Resources */ = {isa = PBXBuildFile; fileRef = 4F57044C15CEE126001614AC /* 106-sliders.png */; };
		4F57048715CEE126001614AC /* 106-sliders@2x.png in Resources */ = {isa = PBXBuildFile; fileRef = 4F57044D15CEE126001614AC /* 106-sliders@2x.png */; };
		4F57048815CEE126001614AC /* 108-badge.png in Resources */ = {isa = PBXBuildFile; fileRef = 4F57044E15CEE126001614AC /* 108-badge.png */; };
		4F57048915CEE126001614AC /* 108-badge@2x.png in Resources */ = {isa = PBXBuildFile; fileRef = 4F57044F15CEE126001614AC /* 108-badge@2x.png */; };
		4F57048A15CEE126001614AC /* 115-bow-and-arrow.png in Resources */ = {isa = PBXBuildFile; fileRef = 4F57045015CEE126001614AC /* 115-bow-and-arrow.png */; };
		4F57048B15CEE126001614AC /* 115-bow-and-arrow@2x.png in Resources */ = {isa = PBXBuildFile; fileRef = 4F57045115CEE126001614AC /* 115-bow-and-arrow@2x.png */; };
		4F57048C15CEE126001614AC /* 123-id-card.png in Resources */ = {isa = PBXBuildFile; fileRef = 4F57045215CEE126001614AC /* 123-id-card.png */; };
		4F57048D15CEE126001614AC /* 123-id-card@2x.png in Resources */ = {isa = PBXBuildFile; fileRef = 4F57045315CEE126001614AC /* 123-id-card@2x.png */; };
		4F57048E15CEE126001614AC /* 13-target.png in Resources */ = {isa = PBXBuildFile; fileRef = 4F57045415CEE126001614AC /* 13-target.png */; };
		4F57048F15CEE126001614AC /* 13-target@2x.png in Resources */ = {isa = PBXBuildFile; fileRef = 4F57045515CEE126001614AC /* 13-target@2x.png */; };
		4F57049015CEE126001614AC /* 131-tower.png in Resources */ = {isa = PBXBuildFile; fileRef = 4F57045615CEE126001614AC /* 131-tower.png */; };
		4F57049115CEE126001614AC /* 131-tower@2x.png in Resources */ = {isa = PBXBuildFile; fileRef = 4F57045715CEE126001614AC /* 131-tower@2x.png */; };
		4F57049215CEE126001614AC /* 134-viking.png in Resources */ = {isa = PBXBuildFile; fileRef = 4F57045815CEE126001614AC /* 134-viking.png */; };
		4F57049315CEE126001614AC /* 134-viking@2x.png in Resources */ = {isa = PBXBuildFile; fileRef = 4F57045915CEE126001614AC /* 134-viking@2x.png */; };
		4F57049415CEE126001614AC /* 157-wrench.png in Resources */ = {isa = PBXBuildFile; fileRef = 4F57045A15CEE126001614AC /* 157-wrench.png */; };
		4F57049515CEE126001614AC /* 157-wrench@2x.png in Resources */ = {isa = PBXBuildFile; fileRef = 4F57045B15CEE126001614AC /* 157-wrench@2x.png */; };
		4F57049615CEE126001614AC /* 158-wrench-2.png in Resources */ = {isa = PBXBuildFile; fileRef = 4F57045C15CEE126001614AC /* 158-wrench-2.png */; };
		4F57049715CEE126001614AC /* 158-wrench-2@2x.png in Resources */ = {isa = PBXBuildFile; fileRef = 4F57045D15CEE126001614AC /* 158-wrench-2@2x.png */; };
		4F57049815CEE126001614AC /* 16-line-chart.png in Resources */ = {isa = PBXBuildFile; fileRef = 4F57045E15CEE126001614AC /* 16-line-chart.png */; };
		4F57049915CEE126001614AC /* 16-line-chart@2x.png in Resources */ = {isa = PBXBuildFile; fileRef = 4F57045F15CEE126001614AC /* 16-line-chart@2x.png */; };
		4F57049A15CEE126001614AC /* 177-building.png in Resources */ = {isa = PBXBuildFile; fileRef = 4F57046015CEE126001614AC /* 177-building.png */; };
		4F57049B15CEE126001614AC /* 177-building@2x.png in Resources */ = {isa = PBXBuildFile; fileRef = 4F57046115CEE126001614AC /* 177-building@2x.png */; };
		4F57049C15CEE126001614AC /* 179-notepad.png in Resources */ = {isa = PBXBuildFile; fileRef = 4F57046215CEE126001614AC /* 179-notepad.png */; };
		4F57049D15CEE126001614AC /* 179-notepad@2x.png in Resources */ = {isa = PBXBuildFile; fileRef = 4F57046315CEE126001614AC /* 179-notepad@2x.png */; };
		4F57049E15CEE126001614AC /* 18-envelope.png in Resources */ = {isa = PBXBuildFile; fileRef = 4F57046415CEE126001614AC /* 18-envelope.png */; };
		4F57049F15CEE126001614AC /* 18-envelope@2x.png in Resources */ = {isa = PBXBuildFile; fileRef = 4F57046515CEE126001614AC /* 18-envelope@2x.png */; };
		4F5704A015CEE126001614AC /* 20-gear2.png in Resources */ = {isa = PBXBuildFile; fileRef = 4F57046615CEE126001614AC /* 20-gear2.png */; };
		4F5704A115CEE126001614AC /* 20-gear2@2x.png in Resources */ = {isa = PBXBuildFile; fileRef = 4F57046715CEE126001614AC /* 20-gear2@2x.png */; };
		4F5704A215CEE126001614AC /* 21-skull.png in Resources */ = {isa = PBXBuildFile; fileRef = 4F57046815CEE126001614AC /* 21-skull.png */; };
		4F5704A315CEE126001614AC /* 21-skull@2x.png in Resources */ = {isa = PBXBuildFile; fileRef = 4F57046915CEE126001614AC /* 21-skull@2x.png */; };
		4F5704A415CEE126001614AC /* 22-skull-n-bones.png in Resources */ = {isa = PBXBuildFile; fileRef = 4F57046A15CEE126001614AC /* 22-skull-n-bones.png */; };
		4F5704A515CEE126001614AC /* 22-skull-n-bones@2x.png in Resources */ = {isa = PBXBuildFile; fileRef = 4F57046B15CEE126001614AC /* 22-skull-n-bones@2x.png */; };
		4F5704A615CEE126001614AC /* 33-cabinet.png in Resources */ = {isa = PBXBuildFile; fileRef = 4F57046C15CEE126001614AC /* 33-cabinet.png */; };
		4F5704A715CEE126001614AC /* 33-cabinet@2x.png in Resources */ = {isa = PBXBuildFile; fileRef = 4F57046D15CEE126001614AC /* 33-cabinet@2x.png */; };
		4F5704A815CEE126001614AC /* 35-shopping.png in Resources */ = {isa = PBXBuildFile; fileRef = 4F57046E15CEE126001614AC /* 35-shopping.png */; };
		4F5704A915CEE126001614AC /* 35-shopping@2x.png in Resources */ = {isa = PBXBuildFile; fileRef = 4F57046F15CEE126001614AC /* 35-shopping@2x.png */; };
		4F5704AA15CEE126001614AC /* 36-toolbox.png in Resources */ = {isa = PBXBuildFile; fileRef = 4F57047015CEE126001614AC /* 36-toolbox.png */; };
		4F5704AB15CEE126001614AC /* 36-toolbox@2x.png in Resources */ = {isa = PBXBuildFile; fileRef = 4F57047115CEE126001614AC /* 36-toolbox@2x.png */; };
		4F5704AC15CEE126001614AC /* 47-fuel.png in Resources */ = {isa = PBXBuildFile; fileRef = 4F57047215CEE126001614AC /* 47-fuel.png */; };
		4F5704AD15CEE126001614AC /* 47-fuel@2x.png in Resources */ = {isa = PBXBuildFile; fileRef = 4F57047315CEE126001614AC /* 47-fuel@2x.png */; };
		4F5704AE15CEE126001614AC /* 48-fork-and-knife.png in Resources */ = {isa = PBXBuildFile; fileRef = 4F57047415CEE126001614AC /* 48-fork-and-knife.png */; };
		4F5704AF15CEE126001614AC /* 48-fork-and-knife@2x.png in Resources */ = {isa = PBXBuildFile; fileRef = 4F57047515CEE126001614AC /* 48-fork-and-knife@2x.png */; };
		4F5704B015CEE126001614AC /* 53-house.png in Resources */ = {isa = PBXBuildFile; fileRef = 4F57047615CEE126001614AC /* 53-house.png */; };
		4F5704B115CEE126001614AC /* 53-house@2x.png in Resources */ = {isa = PBXBuildFile; fileRef = 4F57047715CEE126001614AC /* 53-house@2x.png */; };
		4F5704B215CEE126001614AC /* 55-network.png in Resources */ = {isa = PBXBuildFile; fileRef = 4F57047815CEE126001614AC /* 55-network.png */; };
		4F5704B315CEE126001614AC /* 55-network@2x.png in Resources */ = {isa = PBXBuildFile; fileRef = 4F57047915CEE126001614AC /* 55-network@2x.png */; };
		4F5704B415CEE126001614AC /* 60-signpost.png in Resources */ = {isa = PBXBuildFile; fileRef = 4F57047A15CEE126001614AC /* 60-signpost.png */; };
		4F5704B515CEE126001614AC /* 60-signpost@2x.png in Resources */ = {isa = PBXBuildFile; fileRef = 4F57047B15CEE126001614AC /* 60-signpost@2x.png */; };
		4F5704B615CEE126001614AC /* 63-runner.png in Resources */ = {isa = PBXBuildFile; fileRef = 4F57047C15CEE126001614AC /* 63-runner.png */; };
		4F5704B715CEE126001614AC /* 63-runner@2x.png in Resources */ = {isa = PBXBuildFile; fileRef = 4F57047D15CEE126001614AC /* 63-runner@2x.png */; };
		4F5704B815CEE126001614AC /* 67-tshirt.png in Resources */ = {isa = PBXBuildFile; fileRef = 4F57047E15CEE126001614AC /* 67-tshirt.png */; };
		4F5704B915CEE126001614AC /* 67-tshirt@2x.png in Resources */ = {isa = PBXBuildFile; fileRef = 4F57047F15CEE126001614AC /* 67-tshirt@2x.png */; };
		4F5704BA15CEE126001614AC /* 96-book.png in Resources */ = {isa = PBXBuildFile; fileRef = 4F57048015CEE126001614AC /* 96-book.png */; };
		4F5704BB15CEE126001614AC /* 96-book@2x.png in Resources */ = {isa = PBXBuildFile; fileRef = 4F57048115CEE126001614AC /* 96-book@2x.png */; };
		4F5704C715CEE762001614AC /* Logo.png in Resources */ = {isa = PBXBuildFile; fileRef = 4F5704C615CEE762001614AC /* Logo.png */; };
		4F5704C915CEE76A001614AC /* Logo@2x.png in Resources */ = {isa = PBXBuildFile; fileRef = 4F5704C815CEE76A001614AC /* Logo@2x.png */; };
		4F5704CB15CEE770001614AC /* Default.png in Resources */ = {isa = PBXBuildFile; fileRef = 4F5704CA15CEE770001614AC /* Default.png */; };
		4F5704CD15CEE775001614AC /* Default@2x.png in Resources */ = {isa = PBXBuildFile; fileRef = 4F5704CC15CEE775001614AC /* Default@2x.png */; };
		4F5704D515CF166F001614AC /* Localizable.strings in Resources */ = {isa = PBXBuildFile; fileRef = 4F5704D715CF166F001614AC /* Localizable.strings */; };
		4F5F0A9415C0153400757356 /* PHOpenMessageViewController.m in Sources */ = {isa = PBXBuildFile; fileRef = 4F5F0A9315C0153400757356 /* PHOpenMessageViewController.m */; };
		4F6E222B15E15BFF002EC13F /* 37x-Checkmark.png in Resources */ = {isa = PBXBuildFile; fileRef = 4F6E222915E15BFF002EC13F /* 37x-Checkmark.png */; };
		4F6E222C15E15BFF002EC13F /* 37x-Checkmark@2x.png in Resources */ = {isa = PBXBuildFile; fileRef = 4F6E222A15E15BFF002EC13F /* 37x-Checkmark@2x.png */; };
		4F6E222F15E51B85002EC13F /* BuildingAction.m in Sources */ = {isa = PBXBuildFile; fileRef = 4F6E222E15E51B85002EC13F /* BuildingAction.m */; };
		4F81DFDC164F1CFE00523CF4 /* Settings.m in Sources */ = {isa = PBXBuildFile; fileRef = 4F81DFDB164F1CFD00523CF4 /* Settings.m */; };
		4F895F1615C2C19A007525D9 /* PHHeroViewController.m in Sources */ = {isa = PBXBuildFile; fileRef = 4F895F1515C2C19A007525D9 /* PHHeroViewController.m */; };
		4F8A48A715C1FEDF00EC1564 /* NSString+HTML.m in Sources */ = {isa = PBXBuildFile; fileRef = 4F8A48A615C1FEDF00EC1564 /* NSString+HTML.m */; settings = {COMPILER_FLAGS = "-fno-objc-arc"; }; };
		4F8A48AA15C1FFB000EC1564 /* GTMNSString+HTML.m in Sources */ = {isa = PBXBuildFile; fileRef = 4F8A48A915C1FFB000EC1564 /* GTMNSString+HTML.m */; settings = {COMPILER_FLAGS = "-fno-objc-arc"; }; };
		4F928DA715D41A65008AC6DB /* UINavigationBar.png in Resources */ = {isa = PBXBuildFile; fileRef = 4F928DA315D41A65008AC6DB /* UINavigationBar.png */; };
		4F928DA815D41A65008AC6DB /* UINavigationBar@2x.png in Resources */ = {isa = PBXBuildFile; fileRef = 4F928DA415D41A65008AC6DB /* UINavigationBar@2x.png */; };
		4F928DA915D41A65008AC6DB /* UINavigationBarLandscape.png in Resources */ = {isa = PBXBuildFile; fileRef = 4F928DA515D41A65008AC6DB /* UINavigationBarLandscape.png */; };
		4F928DAA15D41A65008AC6DB /* UINavigationBarLandscape@2x.png in Resources */ = {isa = PBXBuildFile; fileRef = 4F928DA615D41A65008AC6DB /* UINavigationBarLandscape@2x.png */; };
		4F99267515644E7200C6AFFC /* Construction.m in Sources */ = {isa = PBXBuildFile; fileRef = 4F99267415644E7200C6AFFC /* Construction.m */; };
		4FA88B6D15F160D9001D9713 /* PHDeleteCell.m in Sources */ = {isa = PBXBuildFile; fileRef = 4FA88B6C15F160D9001D9713 /* PHDeleteCell.m */; };
		4FA88B6F15F1632A001D9713 /* redButton.png in Resources */ = {isa = PBXBuildFile; fileRef = 4FA88B6E15F1632A001D9713 /* redButton.png */; };
		4FB1A75115EA539200C1FE4C /* Barracks.m in Sources */ = {isa = PBXBuildFile; fileRef = 4FB1A75015EA539200C1FE4C /* Barracks.m */; };
		4FBACE5815D71FCF0092A8F3 /* QuartzCore.framework in Frameworks */ = {isa = PBXBuildFile; fileRef = 4FBACE5715D71FCF0092A8F3 /* QuartzCore.framework */; };
		4FBAE09D15D50D8800089365 /* TMBackground.png in Resources */ = {isa = PBXBuildFile; fileRef = 4FBAE09C15D50D8800089365 /* TMBackground.png */; };
		4FC6F11815BC3989006F583D /* MBProgressHUD.m in Sources */ = {isa = PBXBuildFile; fileRef = 4FC6F11715BC3989006F583D /* MBProgressHUD.m */; };
		4FC6F11C15BC4108006F583D /* PHVillagesViewController.m in Sources */ = {isa = PBXBuildFile; fileRef = 4FC6F11B15BC4107006F583D /* PHVillagesViewController.m */; };
		4FC6F11F15BC4AC0006F583D /* PHReportsViewController.m in Sources */ = {isa = PBXBuildFile; fileRef = 4FC6F11E15BC4AC0006F583D /* PHReportsViewController.m */; };
		4FC6F12215BCA0FD006F583D /* PHMessagesViewController.m in Sources */ = {isa = PBXBuildFile; fileRef = 4FC6F12115BCA0FD006F583D /* PHMessagesViewController.m */; };
		4FC6F12815BDDD5A006F583D /* PHNewMessageViewController.m in Sources */ = {isa = PBXBuildFile; fileRef = 4FC6F12715BDDD59006F583D /* PHNewMessageViewController.m */; };
		4FC706AE15E825BB0081372E /* PHVResearchViewController.m in Sources */ = {isa = PBXBuildFile; fileRef = 4FC706AD15E825BB0081372E /* PHVResearchViewController.m */; };
		4FC8E56515F6B3AA0035D296 /* NonGenericBuilding.m in Sources */ = {isa = PBXBuildFile; fileRef = 4FC8E56415F6B3AA0035D296 /* NonGenericBuilding.m */; };
		4FCA3750156B96DF0071BAD5 /* Building.m in Sources */ = {isa = PBXBuildFile; fileRef = 4FCA374F156B96DF0071BAD5 /* Building.m */; };
		4FD480FD15724B5C00BECE24 /* Report.m in Sources */ = {isa = PBXBuildFile; fileRef = 4FD480FC15724B5C00BECE24 /* Report.m */; };
		4FD4810115724B6500BECE24 /* Message.m in Sources */ = {isa = PBXBuildFile; fileRef = 4FD4810015724B6500BECE24 /* Message.m */; };
		4FD64FCB15DAAD57002FAFFC /* BuildingMap.m in Sources */ = {isa = PBXBuildFile; fileRef = 4FD64FCA15DAAD57002FAFFC /* BuildingMap.m */; };
		4FDA07851563189200E9C6C2 /* ResourcesProduction.m in Sources */ = {isa = PBXBuildFile; fileRef = 4FDA07841563189100E9C6C2 /* ResourcesProduction.m */; };
		4FE58E9315C43C12004825EF /* PHSettingsViewController.m in Sources */ = {isa = PBXBuildFile; fileRef = 4FE58E9215C43C12004825EF /* PHSettingsViewController.m */; };
		4FE58E9B15C59B55004825EF /* PHVOverviewViewController.m in Sources */ = {isa = PBXBuildFile; fileRef = 4FE58E9A15C59B55004825EF /* PHVOverviewViewController.m */; };
		4FE7FFD015D5D779007B80A5 /* ArrowIcon.png in Resources */ = {isa = PBXBuildFile; fileRef = 4FE7FFCE15D5D779007B80A5 /* ArrowIcon.png */; };
		4FE7FFD115D5D779007B80A5 /* ArrowIcon@2x.png in Resources */ = {isa = PBXBuildFile; fileRef = 4FE7FFCF15D5D779007B80A5 /* ArrowIcon@2x.png */; };
		4FFEA46C1628C23A0015D5C3 /* Default-568h@2x.png in Resources */ = {isa = PBXBuildFile; fileRef = 4FFEA46B1628C23A0015D5C3 /* Default-568h@2x.png */; };
/* End PBXBuildFile section */

/* Begin PBXFileReference section */
		4F0261CF15612EA300DF545F /* TPIdentifier.h */ = {isa = PBXFileReference; fileEncoding = 4; lastKnownFileType = sourcecode.c.h; path = TPIdentifier.h; sourceTree = "<group>"; };
		4F0261D015612EA300DF545F /* TPIdentifier.m */ = {isa = PBXFileReference; fileEncoding = 4; lastKnownFileType = sourcecode.c.objc; path = TPIdentifier.m; sourceTree = "<group>"; };
		4F04DA2715ED632700DAF6E7 /* PHVBarracksCell.h */ = {isa = PBXFileReference; fileEncoding = 4; lastKnownFileType = sourcecode.c.h; path = PHVBarracksCell.h; sourceTree = "<group>"; };
		4F04DA2815ED632700DAF6E7 /* PHVBarracksCell.m */ = {isa = PBXFileReference; fileEncoding = 4; lastKnownFileType = sourcecode.c.objc; path = PHVBarracksCell.m; sourceTree = "<group>"; };
		4F04DA2B15EEDFDE00DAF6E7 /* PHAccountTextFieldCell.h */ = {isa = PBXFileReference; fileEncoding = 4; lastKnownFileType = sourcecode.c.h; path = PHAccountTextFieldCell.h; sourceTree = "<group>"; };
		4F04DA2C15EEDFDE00DAF6E7 /* PHAccountTextFieldCell.m */ = {isa = PBXFileReference; fileEncoding = 4; lastKnownFileType = sourcecode.c.objc; path = PHAccountTextFieldCell.m; sourceTree = "<group>"; };
		4F04DA2E15EEE02300DAF6E7 /* PHAccountTextFieldRightCell.h */ = {isa = PBXFileReference; fileEncoding = 4; lastKnownFileType = sourcecode.c.h; path = PHAccountTextFieldRightCell.h; sourceTree = "<group>"; };
		4F04DA2F15EEE02300DAF6E7 /* PHAccountTextFieldRightCell.m */ = {isa = PBXFileReference; fileEncoding = 4; lastKnownFileType = sourcecode.c.objc; path = PHAccountTextFieldRightCell.m; sourceTree = "<group>"; };
		4F095208155C767800C15D6E /* Travian Manager.app */ = {isa = PBXFileReference; explicitFileType = wrapper.application; includeInIndex = 0; path = "Travian Manager.app"; sourceTree = BUILT_PRODUCTS_DIR; };
		4F09520C155C767800C15D6E /* UIKit.framework */ = {isa = PBXFileReference; lastKnownFileType = wrapper.framework; name = UIKit.framework; path = System/Library/Frameworks/UIKit.framework; sourceTree = SDKROOT; };
		4F09520E155C767800C15D6E /* Foundation.framework */ = {isa = PBXFileReference; lastKnownFileType = wrapper.framework; name = Foundation.framework; path = System/Library/Frameworks/Foundation.framework; sourceTree = SDKROOT; };
		4F095210155C767800C15D6E /* CoreGraphics.framework */ = {isa = PBXFileReference; lastKnownFileType = wrapper.framework; name = CoreGraphics.framework; path = System/Library/Frameworks/CoreGraphics.framework; sourceTree = SDKROOT; };
		4F095214155C767800C15D6E /* Travian Manager-Info.plist */ = {isa = PBXFileReference; lastKnownFileType = text.plist.xml; path = "Travian Manager-Info.plist"; sourceTree = "<group>"; };
		4F095216155C767800C15D6E /* en */ = {isa = PBXFileReference; lastKnownFileType = text.plist.strings; name = en; path = en.lproj/InfoPlist.strings; sourceTree = "<group>"; };
		4F095218155C767800C15D6E /* main.m */ = {isa = PBXFileReference; lastKnownFileType = sourcecode.c.objc; path = main.m; sourceTree = "<group>"; };
		4F09521A155C767800C15D6E /* Travian Manager-Prefix.pch */ = {isa = PBXFileReference; lastKnownFileType = sourcecode.c.h; path = "Travian Manager-Prefix.pch"; sourceTree = "<group>"; };
		4F09521B155C767800C15D6E /* AppDelegate.h */ = {isa = PBXFileReference; fileEncoding = 4; lastKnownFileType = sourcecode.c.h; path = AppDelegate.h; sourceTree = "<group>"; };
		4F09521C155C767800C15D6E /* AppDelegate.m */ = {isa = PBXFileReference; lastKnownFileType = sourcecode.c.objc; path = AppDelegate.m; sourceTree = "<group>"; };
		4F09521F155C767800C15D6E /* en */ = {isa = PBXFileReference; lastKnownFileType = file.storyboard; name = en; path = en.lproj/MainStoryboard_iPhone.storyboard; sourceTree = "<group>"; };
		4F095222155C767800C15D6E /* en */ = {isa = PBXFileReference; lastKnownFileType = file.storyboard; name = en; path = en.lproj/MainStoryboard_iPad.storyboard; sourceTree = "<group>"; };
		4F09522C155C76D800C15D6E /* Storage.h */ = {isa = PBXFileReference; fileEncoding = 4; lastKnownFileType = sourcecode.c.h; path = Storage.h; sourceTree = "<group>"; };
		4F09522D155C76D800C15D6E /* Storage.m */ = {isa = PBXFileReference; fileEncoding = 4; lastKnownFileType = sourcecode.c.objc; path = Storage.m; sourceTree = "<group>"; };
		4F09522F155C7AA900C15D6E /* HTMLParser.h */ = {isa = PBXFileReference; fileEncoding = 4; lastKnownFileType = sourcecode.c.h; path = HTMLParser.h; sourceTree = "<group>"; };
		4F095230155C7AA900C15D6E /* HTMLParser.m */ = {isa = PBXFileReference; fileEncoding = 4; lastKnownFileType = sourcecode.c.objc; path = HTMLParser.m; sourceTree = "<group>"; };
		4F095234155C7B0100C15D6E /* HTMLNode.h */ = {isa = PBXFileReference; fileEncoding = 4; lastKnownFileType = sourcecode.c.h; path = HTMLNode.h; sourceTree = "<group>"; };
		4F095235155C7B0100C15D6E /* HTMLNode.m */ = {isa = PBXFileReference; fileEncoding = 4; lastKnownFileType = sourcecode.c.objc; path = HTMLNode.m; sourceTree = "<group>"; };
		4F095237155C7B6100C15D6E /* libxml2.2.dylib */ = {isa = PBXFileReference; lastKnownFileType = "compiled.mach-o.dylib"; name = libxml2.2.dylib; path = usr/lib/libxml2.2.dylib; sourceTree = SDKROOT; };
		4F09523A155C7CB200C15D6E /* Troop.h */ = {isa = PBXFileReference; fileEncoding = 4; lastKnownFileType = sourcecode.c.h; path = Troop.h; sourceTree = "<group>"; };
		4F09523B155C7CB200C15D6E /* Troop.m */ = {isa = PBXFileReference; fileEncoding = 4; lastKnownFileType = sourcecode.c.objc; path = Troop.m; sourceTree = "<group>"; };
		4F09523D155C7DE400C15D6E /* Resources.h */ = {isa = PBXFileReference; fileEncoding = 4; lastKnownFileType = sourcecode.c.h; path = Resources.h; sourceTree = "<group>"; };
		4F09523E155C7DE400C15D6E /* Resources.m */ = {isa = PBXFileReference; fileEncoding = 4; lastKnownFileType = sourcecode.c.objc; path = Resources.m; sourceTree = "<group>"; };
		4F095240155C7F6300C15D6E /* Village.h */ = {isa = PBXFileReference; fileEncoding = 4; lastKnownFileType = sourcecode.c.h; path = Village.h; sourceTree = "<group>"; };
		4F095241155C7F6300C15D6E /* Village.m */ = {isa = PBXFileReference; fileEncoding = 4; lastKnownFileType = sourcecode.c.objc; path = Village.m; sourceTree = "<group>"; };
		4F095243155C804400C15D6E /* Account.h */ = {isa = PBXFileReference; fileEncoding = 4; lastKnownFileType = sourcecode.c.h; path = Account.h; sourceTree = "<group>"; };
		4F095244155C804400C15D6E /* Account.m */ = {isa = PBXFileReference; fileEncoding = 4; lastKnownFileType = sourcecode.c.objc; path = Account.m; sourceTree = "<group>"; };
		4F095291155DD2CB00C15D6E /* Hero.h */ = {isa = PBXFileReference; fileEncoding = 4; lastKnownFileType = sourcecode.c.h; path = Hero.h; sourceTree = "<group>"; };
		4F095292155DD2CB00C15D6E /* Hero.m */ = {isa = PBXFileReference; fileEncoding = 4; lastKnownFileType = sourcecode.c.objc; path = Hero.m; sourceTree = "<group>"; };
		4F095294155DD53300C15D6E /* HeroQuest.h */ = {isa = PBXFileReference; fileEncoding = 4; lastKnownFileType = sourcecode.c.h; path = HeroQuest.h; sourceTree = "<group>"; };
		4F095295155DD53300C15D6E /* HeroQuest.m */ = {isa = PBXFileReference; fileEncoding = 4; lastKnownFileType = sourcecode.c.objc; path = HeroQuest.m; sourceTree = "<group>"; };
		4F0C318A167B931200D28AE9 /* PHMessageCell.h */ = {isa = PBXFileReference; fileEncoding = 4; lastKnownFileType = sourcecode.c.h; path = PHMessageCell.h; sourceTree = "<group>"; };
		4F0C318B167B931200D28AE9 /* PHMessageCell.m */ = {isa = PBXFileReference; fileEncoding = 4; lastKnownFileType = sourcecode.c.objc; path = PHMessageCell.m; sourceTree = "<group>"; };
		4F0D502D156D36CA005065AE /* Movement.h */ = {isa = PBXFileReference; fileEncoding = 4; lastKnownFileType = sourcecode.c.h; path = Movement.h; sourceTree = "<group>"; };
		4F0D502E156D36CA005065AE /* Movement.m */ = {isa = PBXFileReference; fileEncoding = 4; lastKnownFileType = sourcecode.c.objc; path = Movement.m; sourceTree = "<group>"; };
		4F15441915D47E5E00EA58EC /* BackButton.png */ = {isa = PBXFileReference; lastKnownFileType = image.png; path = BackButton.png; sourceTree = "<group>"; };
		4F15441A15D47E5E00EA58EC /* BackButton@2x.png */ = {isa = PBXFileReference; lastKnownFileType = image.png; path = "BackButton@2x.png"; sourceTree = "<group>"; };
		4F15442D15D4847900EA58EC /* ButtonStateNormal.png */ = {isa = PBXFileReference; lastKnownFileType = image.png; path = ButtonStateNormal.png; sourceTree = "<group>"; };
		4F15442E15D4847900EA58EC /* ButtonStateNormal@2x.png */ = {isa = PBXFileReference; lastKnownFileType = image.png; path = "ButtonStateNormal@2x.png"; sourceTree = "<group>"; };
		4F15443115D4863200EA58EC /* BackButtonLandscape.png */ = {isa = PBXFileReference; lastKnownFileType = image.png; path = BackButtonLandscape.png; sourceTree = "<group>"; };
		4F15443215D4863200EA58EC /* BackButtonLandscape@2x.png */ = {isa = PBXFileReference; lastKnownFileType = image.png; path = "BackButtonLandscape@2x.png"; sourceTree = "<group>"; };
		4F15443315D4863200EA58EC /* ButtonStyleNormalLandscape.png */ = {isa = PBXFileReference; lastKnownFileType = image.png; path = ButtonStyleNormalLandscape.png; sourceTree = "<group>"; };
		4F15443415D4863200EA58EC /* ButtonStyleNormalLandscape@2x.png */ = {isa = PBXFileReference; lastKnownFileType = image.png; path = "ButtonStyleNormalLandscape@2x.png"; sourceTree = "<group>"; };
		4F2440BE1645C31100EEBC93 /* Stable.h */ = {isa = PBXFileReference; fileEncoding = 4; lastKnownFileType = sourcecode.c.h; path = Stable.h; sourceTree = "<group>"; };
		4F2440BF1645C31100EEBC93 /* Stable.m */ = {isa = PBXFileReference; fileEncoding = 4; lastKnownFileType = sourcecode.c.objc; path = Stable.m; sourceTree = "<group>"; };
		4F2440C11645C71B00EEBC93 /* Workshop.h */ = {isa = PBXFileReference; fileEncoding = 4; lastKnownFileType = sourcecode.c.h; path = Workshop.h; sourceTree = "<group>"; };
		4F2440C21645C71B00EEBC93 /* Workshop.m */ = {isa = PBXFileReference; fileEncoding = 4; lastKnownFileType = sourcecode.c.objc; path = Workshop.m; sourceTree = "<group>"; };
		4F2440C41645C85C00EEBC93 /* TownHall.h */ = {isa = PBXFileReference; fileEncoding = 4; lastKnownFileType = sourcecode.c.h; path = TownHall.h; sourceTree = "<group>"; };
		4F2440C51645C85C00EEBC93 /* TownHall.m */ = {isa = PBXFileReference; fileEncoding = 4; lastKnownFileType = sourcecode.c.objc; path = TownHall.m; sourceTree = "<group>"; };
		4F24E90A167BA7ED002367B7 /* unreadNotification.png */ = {isa = PBXFileReference; lastKnownFileType = image.png; path = unreadNotification.png; sourceTree = "<group>"; };
		4F24E90B167BA7ED002367B7 /* unreadNotification@2x.png */ = {isa = PBXFileReference; lastKnownFileType = image.png; path = "unreadNotification@2x.png"; sourceTree = "<group>"; };
		4F24E90E167BC077002367B7 /* checkBoxBlank.png */ = {isa = PBXFileReference; lastKnownFileType = image.png; path = checkBoxBlank.png; sourceTree = "<group>"; };
		4F24E90F167BC077002367B7 /* checkBoxBlank@2x.png */ = {isa = PBXFileReference; lastKnownFileType = image.png; path = "checkBoxBlank@2x.png"; sourceTree = "<group>"; };
		4F24E910167BC077002367B7 /* checkBoxDelete.png */ = {isa = PBXFileReference; lastKnownFileType = image.png; path = checkBoxDelete.png; sourceTree = "<group>"; };
		4F24E911167BC077002367B7 /* checkBoxDelete@2x.png */ = {isa = PBXFileReference; lastKnownFileType = image.png; path = "checkBoxDelete@2x.png"; sourceTree = "<group>"; };
		4F28C73915BB1A9500C976E3 /* PHAccountsViewController.h */ = {isa = PBXFileReference; fileEncoding = 4; lastKnownFileType = sourcecode.c.h; path = PHAccountsViewController.h; sourceTree = "<group>"; };
		4F28C73A15BB1A9500C976E3 /* PHAccountsViewController.m */ = {isa = PBXFileReference; fileEncoding = 4; lastKnownFileType = sourcecode.c.objc; path = PHAccountsViewController.m; sourceTree = "<group>"; };
		4F28C73F15BB358500C976E3 /* PHAccountDetailsViewController.h */ = {isa = PBXFileReference; fileEncoding = 4; lastKnownFileType = sourcecode.c.h; path = PHAccountDetailsViewController.h; sourceTree = "<group>"; };
		4F28C74015BB358500C976E3 /* PHAccountDetailsViewController.m */ = {isa = PBXFileReference; fileEncoding = 4; lastKnownFileType = sourcecode.c.objc; path = PHAccountDetailsViewController.m; sourceTree = "<group>"; };
		4F2D975815D68925007E589D /* SelectedCell.png */ = {isa = PBXFileReference; lastKnownFileType = image.png; path = SelectedCell.png; sourceTree = "<group>"; };
		4F2D975915D68925007E589D /* SelectedCell@2x.png */ = {isa = PBXFileReference; lastKnownFileType = image.png; path = "SelectedCell@2x.png"; sourceTree = "<group>"; };
		4F38F938156008FE00AF2E82 /* TravianPages.h */ = {isa = PBXFileReference; lastKnownFileType = sourcecode.c.h; path = TravianPages.h; sourceTree = "<group>"; };
		4F38F93A15600B6700AF2E82 /* TravianPageParsingProtocol.h */ = {isa = PBXFileReference; lastKnownFileType = sourcecode.c.h; path = TravianPageParsingProtocol.h; sourceTree = "<group>"; };
		4F4A52B715C96B1F005F3708 /* PHVOpenBuildingViewController.h */ = {isa = PBXFileReference; fileEncoding = 4; lastKnownFileType = sourcecode.c.h; path = PHVOpenBuildingViewController.h; sourceTree = "<group>"; };
		4F4A52B815C96B20005F3708 /* PHVOpenBuildingViewController.m */ = {isa = PBXFileReference; fileEncoding = 4; lastKnownFileType = sourcecode.c.objc; path = PHVOpenBuildingViewController.m; sourceTree = "<group>"; };
		4F4B132A164491D2002D3149 /* SenTestingKit.framework */ = {isa = PBXFileReference; lastKnownFileType = wrapper.framework; name = SenTestingKit.framework; path = Library/Frameworks/SenTestingKit.framework; sourceTree = DEVELOPER_DIR; };
		4F509F5815C5A64C00A15924 /* PHVResourcesViewController.h */ = {isa = PBXFileReference; fileEncoding = 4; lastKnownFileType = sourcecode.c.h; path = PHVResourcesViewController.h; sourceTree = "<group>"; };
		4F509F5915C5A64C00A15924 /* PHVResourcesViewController.m */ = {isa = PBXFileReference; fileEncoding = 4; lastKnownFileType = sourcecode.c.objc; path = PHVResourcesViewController.m; sourceTree = "<group>"; };
		4F509F5C15C5BC9300A15924 /* PHVTroopsViewController.h */ = {isa = PBXFileReference; fileEncoding = 4; lastKnownFileType = sourcecode.c.h; path = PHVTroopsViewController.h; sourceTree = "<group>"; };
		4F509F5D15C5BC9300A15924 /* PHVTroopsViewController.m */ = {isa = PBXFileReference; fileEncoding = 4; lastKnownFileType = sourcecode.c.objc; path = PHVTroopsViewController.m; sourceTree = "<group>"; };
		4F509F5F15C5C08600A15924 /* PHVBuildingsViewController.h */ = {isa = PBXFileReference; fileEncoding = 4; lastKnownFileType = sourcecode.c.h; path = PHVBuildingsViewController.h; sourceTree = "<group>"; };
		4F509F6015C5C08600A15924 /* PHVBuildingsViewController.m */ = {isa = PBXFileReference; fileEncoding = 4; lastKnownFileType = sourcecode.c.objc; path = PHVBuildingsViewController.m; sourceTree = "<group>"; };
		4F57044815CEE126001614AC /* 102-walk.png */ = {isa = PBXFileReference; lastKnownFileType = image.png; path = "102-walk.png"; sourceTree = "<group>"; };
		4F57044915CEE126001614AC /* 102-walk@2x.png */ = {isa = PBXFileReference; lastKnownFileType = image.png; path = "102-walk@2x.png"; sourceTree = "<group>"; };
		4F57044A15CEE126001614AC /* 103-map.png */ = {isa = PBXFileReference; lastKnownFileType = image.png; path = "103-map.png"; sourceTree = "<group>"; };
		4F57044B15CEE126001614AC /* 103-map@2x.png */ = {isa = PBXFileReference; lastKnownFileType = image.png; path = "103-map@2x.png"; sourceTree = "<group>"; };
		4F57044C15CEE126001614AC /* 106-sliders.png */ = {isa = PBXFileReference; lastKnownFileType = image.png; path = "106-sliders.png"; sourceTree = "<group>"; };
		4F57044D15CEE126001614AC /* 106-sliders@2x.png */ = {isa = PBXFileReference; lastKnownFileType = image.png; path = "106-sliders@2x.png"; sourceTree = "<group>"; };
		4F57044E15CEE126001614AC /* 108-badge.png */ = {isa = PBXFileReference; lastKnownFileType = image.png; path = "108-badge.png"; sourceTree = "<group>"; };
		4F57044F15CEE126001614AC /* 108-badge@2x.png */ = {isa = PBXFileReference; lastKnownFileType = image.png; path = "108-badge@2x.png"; sourceTree = "<group>"; };
		4F57045015CEE126001614AC /* 115-bow-and-arrow.png */ = {isa = PBXFileReference; lastKnownFileType = image.png; path = "115-bow-and-arrow.png"; sourceTree = "<group>"; };
		4F57045115CEE126001614AC /* 115-bow-and-arrow@2x.png */ = {isa = PBXFileReference; lastKnownFileType = image.png; path = "115-bow-and-arrow@2x.png"; sourceTree = "<group>"; };
		4F57045215CEE126001614AC /* 123-id-card.png */ = {isa = PBXFileReference; lastKnownFileType = image.png; path = "123-id-card.png"; sourceTree = "<group>"; };
		4F57045315CEE126001614AC /* 123-id-card@2x.png */ = {isa = PBXFileReference; lastKnownFileType = image.png; path = "123-id-card@2x.png"; sourceTree = "<group>"; };
		4F57045415CEE126001614AC /* 13-target.png */ = {isa = PBXFileReference; lastKnownFileType = image.png; path = "13-target.png"; sourceTree = "<group>"; };
		4F57045515CEE126001614AC /* 13-target@2x.png */ = {isa = PBXFileReference; lastKnownFileType = image.png; path = "13-target@2x.png"; sourceTree = "<group>"; };
		4F57045615CEE126001614AC /* 131-tower.png */ = {isa = PBXFileReference; lastKnownFileType = image.png; path = "131-tower.png"; sourceTree = "<group>"; };
		4F57045715CEE126001614AC /* 131-tower@2x.png */ = {isa = PBXFileReference; lastKnownFileType = image.png; path = "131-tower@2x.png"; sourceTree = "<group>"; };
		4F57045815CEE126001614AC /* 134-viking.png */ = {isa = PBXFileReference; lastKnownFileType = image.png; path = "134-viking.png"; sourceTree = "<group>"; };
		4F57045915CEE126001614AC /* 134-viking@2x.png */ = {isa = PBXFileReference; lastKnownFileType = image.png; path = "134-viking@2x.png"; sourceTree = "<group>"; };
		4F57045A15CEE126001614AC /* 157-wrench.png */ = {isa = PBXFileReference; lastKnownFileType = image.png; path = "157-wrench.png"; sourceTree = "<group>"; };
		4F57045B15CEE126001614AC /* 157-wrench@2x.png */ = {isa = PBXFileReference; lastKnownFileType = image.png; path = "157-wrench@2x.png"; sourceTree = "<group>"; };
		4F57045C15CEE126001614AC /* 158-wrench-2.png */ = {isa = PBXFileReference; lastKnownFileType = image.png; path = "158-wrench-2.png"; sourceTree = "<group>"; };
		4F57045D15CEE126001614AC /* 158-wrench-2@2x.png */ = {isa = PBXFileReference; lastKnownFileType = image.png; path = "158-wrench-2@2x.png"; sourceTree = "<group>"; };
		4F57045E15CEE126001614AC /* 16-line-chart.png */ = {isa = PBXFileReference; lastKnownFileType = image.png; path = "16-line-chart.png"; sourceTree = "<group>"; };
		4F57045F15CEE126001614AC /* 16-line-chart@2x.png */ = {isa = PBXFileReference; lastKnownFileType = image.png; path = "16-line-chart@2x.png"; sourceTree = "<group>"; };
		4F57046015CEE126001614AC /* 177-building.png */ = {isa = PBXFileReference; lastKnownFileType = image.png; path = "177-building.png"; sourceTree = "<group>"; };
		4F57046115CEE126001614AC /* 177-building@2x.png */ = {isa = PBXFileReference; lastKnownFileType = image.png; path = "177-building@2x.png"; sourceTree = "<group>"; };
		4F57046215CEE126001614AC /* 179-notepad.png */ = {isa = PBXFileReference; lastKnownFileType = image.png; path = "179-notepad.png"; sourceTree = "<group>"; };
		4F57046315CEE126001614AC /* 179-notepad@2x.png */ = {isa = PBXFileReference; lastKnownFileType = image.png; path = "179-notepad@2x.png"; sourceTree = "<group>"; };
		4F57046415CEE126001614AC /* 18-envelope.png */ = {isa = PBXFileReference; lastKnownFileType = image.png; path = "18-envelope.png"; sourceTree = "<group>"; };
		4F57046515CEE126001614AC /* 18-envelope@2x.png */ = {isa = PBXFileReference; lastKnownFileType = image.png; path = "18-envelope@2x.png"; sourceTree = "<group>"; };
		4F57046615CEE126001614AC /* 20-gear2.png */ = {isa = PBXFileReference; lastKnownFileType = image.png; path = "20-gear2.png"; sourceTree = "<group>"; };
		4F57046715CEE126001614AC /* 20-gear2@2x.png */ = {isa = PBXFileReference; lastKnownFileType = image.png; path = "20-gear2@2x.png"; sourceTree = "<group>"; };
		4F57046815CEE126001614AC /* 21-skull.png */ = {isa = PBXFileReference; lastKnownFileType = image.png; path = "21-skull.png"; sourceTree = "<group>"; };
		4F57046915CEE126001614AC /* 21-skull@2x.png */ = {isa = PBXFileReference; lastKnownFileType = image.png; path = "21-skull@2x.png"; sourceTree = "<group>"; };
		4F57046A15CEE126001614AC /* 22-skull-n-bones.png */ = {isa = PBXFileReference; lastKnownFileType = image.png; path = "22-skull-n-bones.png"; sourceTree = "<group>"; };
		4F57046B15CEE126001614AC /* 22-skull-n-bones@2x.png */ = {isa = PBXFileReference; lastKnownFileType = image.png; path = "22-skull-n-bones@2x.png"; sourceTree = "<group>"; };
		4F57046C15CEE126001614AC /* 33-cabinet.png */ = {isa = PBXFileReference; lastKnownFileType = image.png; path = "33-cabinet.png"; sourceTree = "<group>"; };
		4F57046D15CEE126001614AC /* 33-cabinet@2x.png */ = {isa = PBXFileReference; lastKnownFileType = image.png; path = "33-cabinet@2x.png"; sourceTree = "<group>"; };
		4F57046E15CEE126001614AC /* 35-shopping.png */ = {isa = PBXFileReference; lastKnownFileType = image.png; path = "35-shopping.png"; sourceTree = "<group>"; };
		4F57046F15CEE126001614AC /* 35-shopping@2x.png */ = {isa = PBXFileReference; lastKnownFileType = image.png; path = "35-shopping@2x.png"; sourceTree = "<group>"; };
		4F57047015CEE126001614AC /* 36-toolbox.png */ = {isa = PBXFileReference; lastKnownFileType = image.png; path = "36-toolbox.png"; sourceTree = "<group>"; };
		4F57047115CEE126001614AC /* 36-toolbox@2x.png */ = {isa = PBXFileReference; lastKnownFileType = image.png; path = "36-toolbox@2x.png"; sourceTree = "<group>"; };
		4F57047215CEE126001614AC /* 47-fuel.png */ = {isa = PBXFileReference; lastKnownFileType = image.png; path = "47-fuel.png"; sourceTree = "<group>"; };
		4F57047315CEE126001614AC /* 47-fuel@2x.png */ = {isa = PBXFileReference; lastKnownFileType = image.png; path = "47-fuel@2x.png"; sourceTree = "<group>"; };
		4F57047415CEE126001614AC /* 48-fork-and-knife.png */ = {isa = PBXFileReference; lastKnownFileType = image.png; path = "48-fork-and-knife.png"; sourceTree = "<group>"; };
		4F57047515CEE126001614AC /* 48-fork-and-knife@2x.png */ = {isa = PBXFileReference; lastKnownFileType = image.png; path = "48-fork-and-knife@2x.png"; sourceTree = "<group>"; };
		4F57047615CEE126001614AC /* 53-house.png */ = {isa = PBXFileReference; lastKnownFileType = image.png; path = "53-house.png"; sourceTree = "<group>"; };
		4F57047715CEE126001614AC /* 53-house@2x.png */ = {isa = PBXFileReference; lastKnownFileType = image.png; path = "53-house@2x.png"; sourceTree = "<group>"; };
		4F57047815CEE126001614AC /* 55-network.png */ = {isa = PBXFileReference; lastKnownFileType = image.png; path = "55-network.png"; sourceTree = "<group>"; };
		4F57047915CEE126001614AC /* 55-network@2x.png */ = {isa = PBXFileReference; lastKnownFileType = image.png; path = "55-network@2x.png"; sourceTree = "<group>"; };
		4F57047A15CEE126001614AC /* 60-signpost.png */ = {isa = PBXFileReference; lastKnownFileType = image.png; path = "60-signpost.png"; sourceTree = "<group>"; };
		4F57047B15CEE126001614AC /* 60-signpost@2x.png */ = {isa = PBXFileReference; lastKnownFileType = image.png; path = "60-signpost@2x.png"; sourceTree = "<group>"; };
		4F57047C15CEE126001614AC /* 63-runner.png */ = {isa = PBXFileReference; lastKnownFileType = image.png; path = "63-runner.png"; sourceTree = "<group>"; };
		4F57047D15CEE126001614AC /* 63-runner@2x.png */ = {isa = PBXFileReference; lastKnownFileType = image.png; path = "63-runner@2x.png"; sourceTree = "<group>"; };
		4F57047E15CEE126001614AC /* 67-tshirt.png */ = {isa = PBXFileReference; lastKnownFileType = image.png; path = "67-tshirt.png"; sourceTree = "<group>"; };
		4F57047F15CEE126001614AC /* 67-tshirt@2x.png */ = {isa = PBXFileReference; lastKnownFileType = image.png; path = "67-tshirt@2x.png"; sourceTree = "<group>"; };
		4F57048015CEE126001614AC /* 96-book.png */ = {isa = PBXFileReference; lastKnownFileType = image.png; path = "96-book.png"; sourceTree = "<group>"; };
		4F57048115CEE126001614AC /* 96-book@2x.png */ = {isa = PBXFileReference; lastKnownFileType = image.png; path = "96-book@2x.png"; sourceTree = "<group>"; };
		4F5704C615CEE762001614AC /* Logo.png */ = {isa = PBXFileReference; lastKnownFileType = image.png; path = Logo.png; sourceTree = "<group>"; };
		4F5704C815CEE76A001614AC /* Logo@2x.png */ = {isa = PBXFileReference; lastKnownFileType = image.png; path = "Logo@2x.png"; sourceTree = "<group>"; };
		4F5704CA15CEE770001614AC /* Default.png */ = {isa = PBXFileReference; lastKnownFileType = image.png; path = Default.png; sourceTree = "<group>"; };
		4F5704CC15CEE775001614AC /* Default@2x.png */ = {isa = PBXFileReference; lastKnownFileType = image.png; path = "Default@2x.png"; sourceTree = "<group>"; };
		4F5704D615CF166F001614AC /* en */ = {isa = PBXFileReference; lastKnownFileType = text.plist.strings; name = en; path = en.lproj/Localizable.strings; sourceTree = "<group>"; };
		4F5704DE15CF176E001614AC /* cs */ = {isa = PBXFileReference; lastKnownFileType = text.plist.strings; name = cs; path = cs.lproj/Localizable.strings; sourceTree = "<group>"; };
		4F5704E015CF17C0001614AC /* cs */ = {isa = PBXFileReference; lastKnownFileType = file.storyboard; name = cs; path = cs.lproj/MainStoryboard_iPhone.storyboard; sourceTree = "<group>"; };
		4F5F0A8D15BDEB8800757356 /* Travian Manager.entitlements */ = {isa = PBXFileReference; lastKnownFileType = text.xml; path = "Travian Manager.entitlements"; sourceTree = "<group>"; };
		4F5F0A9215C0153400757356 /* PHOpenMessageViewController.h */ = {isa = PBXFileReference; fileEncoding = 4; lastKnownFileType = sourcecode.c.h; path = PHOpenMessageViewController.h; sourceTree = "<group>"; };
		4F5F0A9315C0153400757356 /* PHOpenMessageViewController.m */ = {isa = PBXFileReference; fileEncoding = 4; lastKnownFileType = sourcecode.c.objc; path = PHOpenMessageViewController.m; sourceTree = "<group>"; };
		4F6E222915E15BFF002EC13F /* 37x-Checkmark.png */ = {isa = PBXFileReference; lastKnownFileType = image.png; path = "37x-Checkmark.png"; sourceTree = "<group>"; };
		4F6E222A15E15BFF002EC13F /* 37x-Checkmark@2x.png */ = {isa = PBXFileReference; lastKnownFileType = image.png; path = "37x-Checkmark@2x.png"; sourceTree = "<group>"; };
		4F6E222D15E51B84002EC13F /* BuildingAction.h */ = {isa = PBXFileReference; fileEncoding = 4; lastKnownFileType = sourcecode.c.h; path = BuildingAction.h; sourceTree = "<group>"; };
		4F6E222E15E51B85002EC13F /* BuildingAction.m */ = {isa = PBXFileReference; fileEncoding = 4; lastKnownFileType = sourcecode.c.objc; path = BuildingAction.m; sourceTree = "<group>"; };
		4F81DFDA164F1CFD00523CF4 /* Settings.h */ = {isa = PBXFileReference; fileEncoding = 4; lastKnownFileType = sourcecode.c.h; path = Settings.h; sourceTree = "<group>"; };
		4F81DFDB164F1CFD00523CF4 /* Settings.m */ = {isa = PBXFileReference; fileEncoding = 4; lastKnownFileType = sourcecode.c.objc; path = Settings.m; sourceTree = "<group>"; };
		4F895F1415C2C19A007525D9 /* PHHeroViewController.h */ = {isa = PBXFileReference; fileEncoding = 4; lastKnownFileType = sourcecode.c.h; path = PHHeroViewController.h; sourceTree = "<group>"; };
		4F895F1515C2C19A007525D9 /* PHHeroViewController.m */ = {isa = PBXFileReference; fileEncoding = 4; lastKnownFileType = sourcecode.c.objc; path = PHHeroViewController.m; sourceTree = "<group>"; };
		4F8A48A515C1FEDF00EC1564 /* NSString+HTML.h */ = {isa = PBXFileReference; fileEncoding = 4; lastKnownFileType = sourcecode.c.h; path = "NSString+HTML.h"; sourceTree = "<group>"; };
		4F8A48A615C1FEDF00EC1564 /* NSString+HTML.m */ = {isa = PBXFileReference; fileEncoding = 4; lastKnownFileType = sourcecode.c.objc; path = "NSString+HTML.m"; sourceTree = "<group>"; };
		4F8A48A815C1FFB000EC1564 /* GTMNSString+HTML.h */ = {isa = PBXFileReference; fileEncoding = 4; lastKnownFileType = sourcecode.c.h; path = "GTMNSString+HTML.h"; sourceTree = "<group>"; };
		4F8A48A915C1FFB000EC1564 /* GTMNSString+HTML.m */ = {isa = PBXFileReference; fileEncoding = 4; lastKnownFileType = sourcecode.c.objc; path = "GTMNSString+HTML.m"; sourceTree = "<group>"; };
		4F928DA315D41A65008AC6DB /* UINavigationBar.png */ = {isa = PBXFileReference; lastKnownFileType = image.png; path = UINavigationBar.png; sourceTree = "<group>"; };
		4F928DA415D41A65008AC6DB /* UINavigationBar@2x.png */ = {isa = PBXFileReference; lastKnownFileType = image.png; path = "UINavigationBar@2x.png"; sourceTree = "<group>"; };
		4F928DA515D41A65008AC6DB /* UINavigationBarLandscape.png */ = {isa = PBXFileReference; lastKnownFileType = image.png; path = UINavigationBarLandscape.png; sourceTree = "<group>"; };
		4F928DA615D41A65008AC6DB /* UINavigationBarLandscape@2x.png */ = {isa = PBXFileReference; lastKnownFileType = image.png; path = "UINavigationBarLandscape@2x.png"; sourceTree = "<group>"; };
		4F99267315644E7200C6AFFC /* Construction.h */ = {isa = PBXFileReference; fileEncoding = 4; lastKnownFileType = sourcecode.c.h; path = Construction.h; sourceTree = "<group>"; };
		4F99267415644E7200C6AFFC /* Construction.m */ = {isa = PBXFileReference; fileEncoding = 4; lastKnownFileType = sourcecode.c.objc; path = Construction.m; sourceTree = "<group>"; };
		4FA88B6B15F160D9001D9713 /* PHDeleteCell.h */ = {isa = PBXFileReference; fileEncoding = 4; lastKnownFileType = sourcecode.c.h; path = PHDeleteCell.h; sourceTree = "<group>"; };
		4FA88B6C15F160D9001D9713 /* PHDeleteCell.m */ = {isa = PBXFileReference; fileEncoding = 4; lastKnownFileType = sourcecode.c.objc; path = PHDeleteCell.m; sourceTree = "<group>"; };
		4FA88B6E15F1632A001D9713 /* redButton.png */ = {isa = PBXFileReference; lastKnownFileType = image.png; name = redButton.png; path = ../redButton.png; sourceTree = "<group>"; };
		4FB1A74F15EA539200C1FE4C /* Barracks.h */ = {isa = PBXFileReference; fileEncoding = 4; lastKnownFileType = sourcecode.c.h; path = Barracks.h; sourceTree = "<group>"; };
		4FB1A75015EA539200C1FE4C /* Barracks.m */ = {isa = PBXFileReference; fileEncoding = 4; lastKnownFileType = sourcecode.c.objc; path = Barracks.m; sourceTree = "<group>"; };
		4FBACE5715D71FCF0092A8F3 /* QuartzCore.framework */ = {isa = PBXFileReference; lastKnownFileType = wrapper.framework; name = QuartzCore.framework; path = System/Library/Frameworks/QuartzCore.framework; sourceTree = SDKROOT; };
		4FBAE09C15D50D8800089365 /* TMBackground.png */ = {isa = PBXFileReference; lastKnownFileType = image.png; path = TMBackground.png; sourceTree = "<group>"; };
		4FC6F11615BC3989006F583D /* MBProgressHUD.h */ = {isa = PBXFileReference; fileEncoding = 4; lastKnownFileType = sourcecode.c.h; path = MBProgressHUD.h; sourceTree = "<group>"; };
		4FC6F11715BC3989006F583D /* MBProgressHUD.m */ = {isa = PBXFileReference; fileEncoding = 4; lastKnownFileType = sourcecode.c.objc; path = MBProgressHUD.m; sourceTree = "<group>"; };
		4FC6F11A15BC4107006F583D /* PHVillagesViewController.h */ = {isa = PBXFileReference; fileEncoding = 4; lastKnownFileType = sourcecode.c.h; path = PHVillagesViewController.h; sourceTree = "<group>"; };
		4FC6F11B15BC4107006F583D /* PHVillagesViewController.m */ = {isa = PBXFileReference; fileEncoding = 4; lastKnownFileType = sourcecode.c.objc; path = PHVillagesViewController.m; sourceTree = "<group>"; };
		4FC6F11D15BC4AC0006F583D /* PHReportsViewController.h */ = {isa = PBXFileReference; fileEncoding = 4; lastKnownFileType = sourcecode.c.h; path = PHReportsViewController.h; sourceTree = "<group>"; };
		4FC6F11E15BC4AC0006F583D /* PHReportsViewController.m */ = {isa = PBXFileReference; fileEncoding = 4; lastKnownFileType = sourcecode.c.objc; path = PHReportsViewController.m; sourceTree = "<group>"; };
		4FC6F12015BCA0FD006F583D /* PHMessagesViewController.h */ = {isa = PBXFileReference; fileEncoding = 4; lastKnownFileType = sourcecode.c.h; path = PHMessagesViewController.h; sourceTree = "<group>"; };
		4FC6F12115BCA0FD006F583D /* PHMessagesViewController.m */ = {isa = PBXFileReference; fileEncoding = 4; lastKnownFileType = sourcecode.c.objc; path = PHMessagesViewController.m; sourceTree = "<group>"; };
		4FC6F12615BDDD59006F583D /* PHNewMessageViewController.h */ = {isa = PBXFileReference; fileEncoding = 4; lastKnownFileType = sourcecode.c.h; path = PHNewMessageViewController.h; sourceTree = "<group>"; };
		4FC6F12715BDDD59006F583D /* PHNewMessageViewController.m */ = {isa = PBXFileReference; fileEncoding = 4; lastKnownFileType = sourcecode.c.objc; path = PHNewMessageViewController.m; sourceTree = "<group>"; };
		4FC706AC15E825BB0081372E /* PHVResearchViewController.h */ = {isa = PBXFileReference; fileEncoding = 4; lastKnownFileType = sourcecode.c.h; path = PHVResearchViewController.h; sourceTree = "<group>"; };
		4FC706AD15E825BB0081372E /* PHVResearchViewController.m */ = {isa = PBXFileReference; fileEncoding = 4; lastKnownFileType = sourcecode.c.objc; path = PHVResearchViewController.m; sourceTree = "<group>"; };
		4FC8E56315F6B3AA0035D296 /* NonGenericBuilding.h */ = {isa = PBXFileReference; fileEncoding = 4; lastKnownFileType = sourcecode.c.h; path = NonGenericBuilding.h; sourceTree = "<group>"; };
		4FC8E56415F6B3AA0035D296 /* NonGenericBuilding.m */ = {isa = PBXFileReference; fileEncoding = 4; lastKnownFileType = sourcecode.c.objc; path = NonGenericBuilding.m; sourceTree = "<group>"; };
		4FCA374E156B96DF0071BAD5 /* Building.h */ = {isa = PBXFileReference; fileEncoding = 4; lastKnownFileType = sourcecode.c.h; path = Building.h; sourceTree = "<group>"; };
		4FCA374F156B96DF0071BAD5 /* Building.m */ = {isa = PBXFileReference; fileEncoding = 4; lastKnownFileType = sourcecode.c.objc; path = Building.m; sourceTree = "<group>"; };
		4FD480FB15724B5C00BECE24 /* Report.h */ = {isa = PBXFileReference; fileEncoding = 4; lastKnownFileType = sourcecode.c.h; path = Report.h; sourceTree = "<group>"; };
		4FD480FC15724B5C00BECE24 /* Report.m */ = {isa = PBXFileReference; fileEncoding = 4; lastKnownFileType = sourcecode.c.objc; path = Report.m; sourceTree = "<group>"; };
		4FD480FF15724B6500BECE24 /* Message.h */ = {isa = PBXFileReference; fileEncoding = 4; lastKnownFileType = sourcecode.c.h; path = Message.h; sourceTree = "<group>"; };
		4FD4810015724B6500BECE24 /* Message.m */ = {isa = PBXFileReference; fileEncoding = 4; lastKnownFileType = sourcecode.c.objc; path = Message.m; sourceTree = "<group>"; };
		4FD64FC915DAAD57002FAFFC /* BuildingMap.h */ = {isa = PBXFileReference; fileEncoding = 4; lastKnownFileType = sourcecode.c.h; path = BuildingMap.h; sourceTree = "<group>"; };
		4FD64FCA15DAAD57002FAFFC /* BuildingMap.m */ = {isa = PBXFileReference; fileEncoding = 4; lastKnownFileType = sourcecode.c.objc; path = BuildingMap.m; sourceTree = "<group>"; };
		4FDA07831563189100E9C6C2 /* ResourcesProduction.h */ = {isa = PBXFileReference; fileEncoding = 4; lastKnownFileType = sourcecode.c.h; path = ResourcesProduction.h; sourceTree = "<group>"; };
		4FDA07841563189100E9C6C2 /* ResourcesProduction.m */ = {isa = PBXFileReference; fileEncoding = 4; lastKnownFileType = sourcecode.c.objc; path = ResourcesProduction.m; sourceTree = "<group>"; };
		4FE58E9115C43C12004825EF /* PHSettingsViewController.h */ = {isa = PBXFileReference; fileEncoding = 4; lastKnownFileType = sourcecode.c.h; path = PHSettingsViewController.h; sourceTree = "<group>"; };
		4FE58E9215C43C12004825EF /* PHSettingsViewController.m */ = {isa = PBXFileReference; fileEncoding = 4; lastKnownFileType = sourcecode.c.objc; path = PHSettingsViewController.m; sourceTree = "<group>"; };
		4FE58E9915C59B55004825EF /* PHVOverviewViewController.h */ = {isa = PBXFileReference; fileEncoding = 4; lastKnownFileType = sourcecode.c.h; path = PHVOverviewViewController.h; sourceTree = "<group>"; };
		4FE58E9A15C59B55004825EF /* PHVOverviewViewController.m */ = {isa = PBXFileReference; fileEncoding = 4; lastKnownFileType = sourcecode.c.objc; path = PHVOverviewViewController.m; sourceTree = "<group>"; };
		4FE7FFCE15D5D779007B80A5 /* ArrowIcon.png */ = {isa = PBXFileReference; lastKnownFileType = image.png; path = ArrowIcon.png; sourceTree = "<group>"; };
		4FE7FFCF15D5D779007B80A5 /* ArrowIcon@2x.png */ = {isa = PBXFileReference; lastKnownFileType = image.png; path = "ArrowIcon@2x.png"; sourceTree = "<group>"; };
		4FFEA46B1628C23A0015D5C3 /* Default-568h@2x.png */ = {isa = PBXFileReference; lastKnownFileType = image.png; path = "Default-568h@2x.png"; sourceTree = "<group>"; };
/* End PBXFileReference section */

/* Begin PBXFrameworksBuildPhase section */
		4F095205155C767700C15D6E /* Frameworks */ = {
			isa = PBXFrameworksBuildPhase;
			buildActionMask = 2147483647;
			files = (
				4FBACE5815D71FCF0092A8F3 /* QuartzCore.framework in Frameworks */,
				4F095238155C7B6100C15D6E /* libxml2.2.dylib in Frameworks */,
				4F09520D155C767800C15D6E /* UIKit.framework in Frameworks */,
				4F09520F155C767800C15D6E /* Foundation.framework in Frameworks */,
				4F095211155C767800C15D6E /* CoreGraphics.framework in Frameworks */,
			);
			runOnlyForDeploymentPostprocessing = 0;
		};
/* End PBXFrameworksBuildPhase section */

/* Begin PBXGroup section */
		4F0951FD155C767700C15D6E = {
			isa = PBXGroup;
			children = (
				4FFEA46B1628C23A0015D5C3 /* Default-568h@2x.png */,
				4F5704CC15CEE775001614AC /* Default@2x.png */,
				4F5704CA15CEE770001614AC /* Default.png */,
				4F5704C815CEE76A001614AC /* Logo@2x.png */,
				4F5704C615CEE762001614AC /* Logo.png */,
				4F57044715CEE126001614AC /* Resources */,
				4F095212155C767800C15D6E /* Travian Manager */,
				4F09520B155C767800C15D6E /* Frameworks */,
				4F095209155C767800C15D6E /* Products */,
			);
			sourceTree = "<group>";
		};
		4F095209155C767800C15D6E /* Products */ = {
			isa = PBXGroup;
			children = (
				4F095208155C767800C15D6E /* Travian Manager.app */,
			);
			name = Products;
			sourceTree = "<group>";
		};
		4F09520B155C767800C15D6E /* Frameworks */ = {
			isa = PBXGroup;
			children = (
				4FBACE5715D71FCF0092A8F3 /* QuartzCore.framework */,
				4F095237155C7B6100C15D6E /* libxml2.2.dylib */,
				4F09520C155C767800C15D6E /* UIKit.framework */,
				4F09520E155C767800C15D6E /* Foundation.framework */,
				4F095210155C767800C15D6E /* CoreGraphics.framework */,
				4F4B132A164491D2002D3149 /* SenTestingKit.framework */,
			);
			name = Frameworks;
			sourceTree = "<group>";
		};
		4F095212155C767800C15D6E /* Travian Manager */ = {
			isa = PBXGroup;
			children = (
				4F5F0A8D15BDEB8800757356 /* Travian Manager.entitlements */,
				4F5704D715CF166F001614AC /* Localizable.strings */,
				4F09521B155C767800C15D6E /* AppDelegate.h */,
				4F09521C155C767800C15D6E /* AppDelegate.m */,
				4F09521E155C767800C15D6E /* MainStoryboard_iPhone.storyboard */,
				4F095221155C767800C15D6E /* MainStoryboard_iPad.storyboard */,
				4F28C73D15BB1ACB00C976E3 /* Models */,
				4F28C73C15BB1A9F00C976E3 /* View Controllers */,
				4FC8E56615F6B70A0035D296 /* Cells */,
				4F6E222015E1557E002EC13F /* NSString category extensions */,
				4FD64FCD15DAAF24002FAFFC /* BuildingMap */,
				4FC6F11915BC39B6006F583D /* HUD */,
				4F095239155C7C6300C15D6E /* HTMLParser */,
				4F095213155C767800C15D6E /* Supporting Files */,
			);
			path = "Travian Manager";
			sourceTree = "<group>";
		};
		4F095213155C767800C15D6E /* Supporting Files */ = {
			isa = PBXGroup;
			children = (
				4F095214155C767800C15D6E /* Travian Manager-Info.plist */,
				4F095215155C767800C15D6E /* InfoPlist.strings */,
				4F095218155C767800C15D6E /* main.m */,
				4F09521A155C767800C15D6E /* Travian Manager-Prefix.pch */,
			);
			name = "Supporting Files";
			sourceTree = "<group>";
		};
		4F095239155C7C6300C15D6E /* HTMLParser */ = {
			isa = PBXGroup;
			children = (
				4F09522F155C7AA900C15D6E /* HTMLParser.h */,
				4F095230155C7AA900C15D6E /* HTMLParser.m */,
				4F095234155C7B0100C15D6E /* HTMLNode.h */,
				4F095235155C7B0100C15D6E /* HTMLNode.m */,
			);
			name = HTMLParser;
			sourceTree = "<group>";
		};
		4F28C73C15BB1A9F00C976E3 /* View Controllers */ = {
			isa = PBXGroup;
			children = (
				4F28C73915BB1A9500C976E3 /* PHAccountsViewController.h */,
				4F28C73A15BB1A9500C976E3 /* PHAccountsViewController.m */,
				4F28C73F15BB358500C976E3 /* PHAccountDetailsViewController.h */,
				4F28C74015BB358500C976E3 /* PHAccountDetailsViewController.m */,
				4FC6F11A15BC4107006F583D /* PHVillagesViewController.h */,
				4FC6F11B15BC4107006F583D /* PHVillagesViewController.m */,
				4FE58E9915C59B55004825EF /* PHVOverviewViewController.h */,
				4FE58E9A15C59B55004825EF /* PHVOverviewViewController.m */,
				4F509F5815C5A64C00A15924 /* PHVResourcesViewController.h */,
				4F509F5915C5A64C00A15924 /* PHVResourcesViewController.m */,
				4F509F5C15C5BC9300A15924 /* PHVTroopsViewController.h */,
				4F509F5D15C5BC9300A15924 /* PHVTroopsViewController.m */,
				4F509F5F15C5C08600A15924 /* PHVBuildingsViewController.h */,
				4F509F6015C5C08600A15924 /* PHVBuildingsViewController.m */,
				4F4A52B715C96B1F005F3708 /* PHVOpenBuildingViewController.h */,
				4F4A52B815C96B20005F3708 /* PHVOpenBuildingViewController.m */,
				4FC706AC15E825BB0081372E /* PHVResearchViewController.h */,
				4FC706AD15E825BB0081372E /* PHVResearchViewController.m */,
				4FC6F11D15BC4AC0006F583D /* PHReportsViewController.h */,
				4FC6F11E15BC4AC0006F583D /* PHReportsViewController.m */,
				4FC6F12015BCA0FD006F583D /* PHMessagesViewController.h */,
				4FC6F12115BCA0FD006F583D /* PHMessagesViewController.m */,
				4FC6F12615BDDD59006F583D /* PHNewMessageViewController.h */,
				4FC6F12715BDDD59006F583D /* PHNewMessageViewController.m */,
				4F5F0A9215C0153400757356 /* PHOpenMessageViewController.h */,
				4F5F0A9315C0153400757356 /* PHOpenMessageViewController.m */,
				4F895F1415C2C19A007525D9 /* PHHeroViewController.h */,
				4F895F1515C2C19A007525D9 /* PHHeroViewController.m */,
				4FE58E9115C43C12004825EF /* PHSettingsViewController.h */,
				4FE58E9215C43C12004825EF /* PHSettingsViewController.m */,
			);
			name = "View Controllers";
			sourceTree = "<group>";
		};
		4F28C73D15BB1ACB00C976E3 /* Models */ = {
			isa = PBXGroup;
			children = (
				4F09522C155C76D800C15D6E /* Storage.h */,
				4F09522D155C76D800C15D6E /* Storage.m */,
				4F81DFDA164F1CFD00523CF4 /* Settings.h */,
				4F81DFDB164F1CFD00523CF4 /* Settings.m */,
				4F095243155C804400C15D6E /* Account.h */,
				4F095244155C804400C15D6E /* Account.m */,
				4F095240155C7F6300C15D6E /* Village.h */,
				4F095241155C7F6300C15D6E /* Village.m */,
				4FA88B7915F3E6F8001D9713 /* Buildings */,
				4F09523D155C7DE400C15D6E /* Resources.h */,
				4F09523E155C7DE400C15D6E /* Resources.m */,
				4FDA07831563189100E9C6C2 /* ResourcesProduction.h */,
				4FDA07841563189100E9C6C2 /* ResourcesProduction.m */,
				4F99267315644E7200C6AFFC /* Construction.h */,
				4F99267415644E7200C6AFFC /* Construction.m */,
				4F09523A155C7CB200C15D6E /* Troop.h */,
				4F09523B155C7CB200C15D6E /* Troop.m */,
				4F095291155DD2CB00C15D6E /* Hero.h */,
				4F095292155DD2CB00C15D6E /* Hero.m */,
				4F095294155DD53300C15D6E /* HeroQuest.h */,
				4F095295155DD53300C15D6E /* HeroQuest.m */,
				4F0D502D156D36CA005065AE /* Movement.h */,
				4F0D502E156D36CA005065AE /* Movement.m */,
				4FD480FB15724B5C00BECE24 /* Report.h */,
				4FD480FC15724B5C00BECE24 /* Report.m */,
				4FD480FF15724B6500BECE24 /* Message.h */,
				4FD4810015724B6500BECE24 /* Message.m */,
				4F0261CF15612EA300DF545F /* TPIdentifier.h */,
				4F0261D015612EA300DF545F /* TPIdentifier.m */,
				4F38F93A15600B6700AF2E82 /* TravianPageParsingProtocol.h */,
				4F38F938156008FE00AF2E82 /* TravianPages.h */,
			);
			name = Models;
			sourceTree = "<group>";
		};
		4F57044715CEE126001614AC /* Resources */ = {
			isa = PBXGroup;
			children = (
				4F928D8715D400A8008AC6DB /* Design */,
				4F5704C515CEE72A001614AC /* Icons */,
			);
			name = Resources;
			path = "Travian Manager/Icons";
			sourceTree = "<group>";
		};
		4F5704C515CEE72A001614AC /* Icons */ = {
			isa = PBXGroup;
			children = (
				4FA88B6E15F1632A001D9713 /* redButton.png */,
				4F6E222915E15BFF002EC13F /* 37x-Checkmark.png */,
				4F6E222A15E15BFF002EC13F /* 37x-Checkmark@2x.png */,
				4F57044815CEE126001614AC /* 102-walk.png */,
				4F57044915CEE126001614AC /* 102-walk@2x.png */,
				4F57044A15CEE126001614AC /* 103-map.png */,
				4F57044B15CEE126001614AC /* 103-map@2x.png */,
				4F57044C15CEE126001614AC /* 106-sliders.png */,
				4F57044D15CEE126001614AC /* 106-sliders@2x.png */,
				4F57044E15CEE126001614AC /* 108-badge.png */,
				4F57044F15CEE126001614AC /* 108-badge@2x.png */,
				4F57045015CEE126001614AC /* 115-bow-and-arrow.png */,
				4F57045115CEE126001614AC /* 115-bow-and-arrow@2x.png */,
				4F57045215CEE126001614AC /* 123-id-card.png */,
				4F57045315CEE126001614AC /* 123-id-card@2x.png */,
				4F57045415CEE126001614AC /* 13-target.png */,
				4F57045515CEE126001614AC /* 13-target@2x.png */,
				4F57045615CEE126001614AC /* 131-tower.png */,
				4F57045715CEE126001614AC /* 131-tower@2x.png */,
				4F57045815CEE126001614AC /* 134-viking.png */,
				4F57045915CEE126001614AC /* 134-viking@2x.png */,
				4F57045A15CEE126001614AC /* 157-wrench.png */,
				4F57045B15CEE126001614AC /* 157-wrench@2x.png */,
				4F57045C15CEE126001614AC /* 158-wrench-2.png */,
				4F57045D15CEE126001614AC /* 158-wrench-2@2x.png */,
				4F57045E15CEE126001614AC /* 16-line-chart.png */,
				4F57045F15CEE126001614AC /* 16-line-chart@2x.png */,
				4F57046015CEE126001614AC /* 177-building.png */,
				4F57046115CEE126001614AC /* 177-building@2x.png */,
				4F57046215CEE126001614AC /* 179-notepad.png */,
				4F57046315CEE126001614AC /* 179-notepad@2x.png */,
				4F57046415CEE126001614AC /* 18-envelope.png */,
				4F57046515CEE126001614AC /* 18-envelope@2x.png */,
				4F57046615CEE126001614AC /* 20-gear2.png */,
				4F57046715CEE126001614AC /* 20-gear2@2x.png */,
				4F57046815CEE126001614AC /* 21-skull.png */,
				4F57046915CEE126001614AC /* 21-skull@2x.png */,
				4F57046A15CEE126001614AC /* 22-skull-n-bones.png */,
				4F57046B15CEE126001614AC /* 22-skull-n-bones@2x.png */,
				4F57046C15CEE126001614AC /* 33-cabinet.png */,
				4F57046D15CEE126001614AC /* 33-cabinet@2x.png */,
				4F57046E15CEE126001614AC /* 35-shopping.png */,
				4F57046F15CEE126001614AC /* 35-shopping@2x.png */,
				4F57047015CEE126001614AC /* 36-toolbox.png */,
				4F57047115CEE126001614AC /* 36-toolbox@2x.png */,
				4F57047215CEE126001614AC /* 47-fuel.png */,
				4F57047315CEE126001614AC /* 47-fuel@2x.png */,
				4F57047415CEE126001614AC /* 48-fork-and-knife.png */,
				4F57047515CEE126001614AC /* 48-fork-and-knife@2x.png */,
				4F57047615CEE126001614AC /* 53-house.png */,
				4F57047715CEE126001614AC /* 53-house@2x.png */,
				4F57047815CEE126001614AC /* 55-network.png */,
				4F57047915CEE126001614AC /* 55-network@2x.png */,
				4F57047A15CEE126001614AC /* 60-signpost.png */,
				4F57047B15CEE126001614AC /* 60-signpost@2x.png */,
				4F57047C15CEE126001614AC /* 63-runner.png */,
				4F57047D15CEE126001614AC /* 63-runner@2x.png */,
				4F57047E15CEE126001614AC /* 67-tshirt.png */,
				4F57047F15CEE126001614AC /* 67-tshirt@2x.png */,
				4F57048015CEE126001614AC /* 96-book.png */,
				4F57048115CEE126001614AC /* 96-book@2x.png */,
			);
			name = Icons;
			sourceTree = "<group>";
		};
		4F6E222015E1557E002EC13F /* NSString category extensions */ = {
			isa = PBXGroup;
			children = (
				4F8A48A515C1FEDF00EC1564 /* NSString+HTML.h */,
				4F8A48A615C1FEDF00EC1564 /* NSString+HTML.m */,
				4F8A48A815C1FFB000EC1564 /* GTMNSString+HTML.h */,
				4F8A48A915C1FFB000EC1564 /* GTMNSString+HTML.m */,
			);
			name = "NSString category extensions";
			sourceTree = "<group>";
		};
		4F928D8715D400A8008AC6DB /* Design */ = {
			isa = PBXGroup;
			children = (
				4F24E90A167BA7ED002367B7 /* unreadNotification.png */,
				4F24E90B167BA7ED002367B7 /* unreadNotification@2x.png */,
				4F24E90E167BC077002367B7 /* checkBoxBlank.png */,
				4F24E90F167BC077002367B7 /* checkBoxBlank@2x.png */,
				4F24E910167BC077002367B7 /* checkBoxDelete.png */,
				4F24E911167BC077002367B7 /* checkBoxDelete@2x.png */,
				4F928DA315D41A65008AC6DB /* UINavigationBar.png */,
				4F928DA415D41A65008AC6DB /* UINavigationBar@2x.png */,
				4F928DA515D41A65008AC6DB /* UINavigationBarLandscape.png */,
				4F928DA615D41A65008AC6DB /* UINavigationBarLandscape@2x.png */,
				4F15441915D47E5E00EA58EC /* BackButton.png */,
				4F15441A15D47E5E00EA58EC /* BackButton@2x.png */,
				4F15442D15D4847900EA58EC /* ButtonStateNormal.png */,
				4F15442E15D4847900EA58EC /* ButtonStateNormal@2x.png */,
				4F15443115D4863200EA58EC /* BackButtonLandscape.png */,
				4F15443215D4863200EA58EC /* BackButtonLandscape@2x.png */,
				4F15443315D4863200EA58EC /* ButtonStyleNormalLandscape.png */,
				4F15443415D4863200EA58EC /* ButtonStyleNormalLandscape@2x.png */,
				4FBAE09C15D50D8800089365 /* TMBackground.png */,
				4FE7FFCE15D5D779007B80A5 /* ArrowIcon.png */,
				4FE7FFCF15D5D779007B80A5 /* ArrowIcon@2x.png */,
				4F2D975815D68925007E589D /* SelectedCell.png */,
				4F2D975915D68925007E589D /* SelectedCell@2x.png */,
			);
			name = Design;
			path = ../Design;
			sourceTree = "<group>";
		};
		4FA88B7915F3E6F8001D9713 /* Buildings */ = {
			isa = PBXGroup;
			children = (
				4FCA374E156B96DF0071BAD5 /* Building.h */,
				4FCA374F156B96DF0071BAD5 /* Building.m */,
				4FC8E56315F6B3AA0035D296 /* NonGenericBuilding.h */,
				4FC8E56415F6B3AA0035D296 /* NonGenericBuilding.m */,
				4FB1A74F15EA539200C1FE4C /* Barracks.h */,
				4FB1A75015EA539200C1FE4C /* Barracks.m */,
				4F6E222D15E51B84002EC13F /* BuildingAction.h */,
				4F6E222E15E51B85002EC13F /* BuildingAction.m */,
				4F2440BE1645C31100EEBC93 /* Stable.h */,
				4F2440BF1645C31100EEBC93 /* Stable.m */,
				4F2440C11645C71B00EEBC93 /* Workshop.h */,
				4F2440C21645C71B00EEBC93 /* Workshop.m */,
				4F2440C41645C85C00EEBC93 /* TownHall.h */,
				4F2440C51645C85C00EEBC93 /* TownHall.m */,
			);
			name = Buildings;
			sourceTree = "<group>";
		};
		4FC6F11915BC39B6006F583D /* HUD */ = {
			isa = PBXGroup;
			children = (
				4FC6F11615BC3989006F583D /* MBProgressHUD.h */,
				4FC6F11715BC3989006F583D /* MBProgressHUD.m */,
			);
			name = HUD;
			sourceTree = "<group>";
		};
		4FC8E56615F6B70A0035D296 /* Cells */ = {
			isa = PBXGroup;
			children = (
				4F04DA2B15EEDFDE00DAF6E7 /* PHAccountTextFieldCell.h */,
				4F04DA2C15EEDFDE00DAF6E7 /* PHAccountTextFieldCell.m */,
				4F04DA2E15EEE02300DAF6E7 /* PHAccountTextFieldRightCell.h */,
				4F04DA2F15EEE02300DAF6E7 /* PHAccountTextFieldRightCell.m */,
				4F0C318A167B931200D28AE9 /* PHMessageCell.h */,
				4F0C318B167B931200D28AE9 /* PHMessageCell.m */,
				4FA88B6B15F160D9001D9713 /* PHDeleteCell.h */,
				4FA88B6C15F160D9001D9713 /* PHDeleteCell.m */,
				4F04DA2715ED632700DAF6E7 /* PHVBarracksCell.h */,
				4F04DA2815ED632700DAF6E7 /* PHVBarracksCell.m */,
			);
			name = Cells;
			sourceTree = "<group>";
		};
		4FD64FCD15DAAF24002FAFFC /* BuildingMap */ = {
			isa = PBXGroup;
			children = (
				4FD64FC915DAAD57002FAFFC /* BuildingMap.h */,
				4FD64FCA15DAAD57002FAFFC /* BuildingMap.m */,
			);
			name = BuildingMap;
			sourceTree = "<group>";
		};
/* End PBXGroup section */

/* Begin PBXNativeTarget section */
		4F095207155C767700C15D6E /* Travian Manager */ = {
			isa = PBXNativeTarget;
			buildConfigurationList = 4F095229155C767800C15D6E /* Build configuration list for PBXNativeTarget "Travian Manager" */;
			buildPhases = (
				4F095204155C767700C15D6E /* Sources */,
				4F095205155C767700C15D6E /* Frameworks */,
				4F095206155C767700C15D6E /* Resources */,
				50524F424C454D533F /* ShellScript */,
			);
			buildRules = (
			);
			dependencies = (
			);
			name = "Travian Manager";
			productName = "Travian Manager";
			productReference = 4F095208155C767800C15D6E /* Travian Manager.app */;
			productType = "com.apple.product-type.application";
		};
/* End PBXNativeTarget section */

/* Begin PBXProject section */
		4F0951FF155C767700C15D6E /* Project object */ = {
			isa = PBXProject;
			attributes = {
				LastUpgradeCheck = 0450;
			};
			buildConfigurationList = 4F095202155C767700C15D6E /* Build configuration list for PBXProject "Travian Manager" */;
			compatibilityVersion = "Xcode 3.2";
			developmentRegion = English;
			hasScannedForEncodings = 0;
			knownRegions = (
				en,
				cz,
				cs,
			);
			mainGroup = 4F0951FD155C767700C15D6E;
			productRefGroup = 4F095209155C767800C15D6E /* Products */;
			projectDirPath = "";
			projectRoot = "";
			targets = (
				4F095207155C767700C15D6E /* Travian Manager */,
			);
		};
/* End PBXProject section */

/* Begin PBXResourcesBuildPhase section */
		4F095206155C767700C15D6E /* Resources */ = {
			isa = PBXResourcesBuildPhase;
			buildActionMask = 2147483647;
			files = (
				4F095217155C767800C15D6E /* InfoPlist.strings in Resources */,
				4F095220155C767800C15D6E /* MainStoryboard_iPhone.storyboard in Resources */,
				4F095223155C767800C15D6E /* MainStoryboard_iPad.storyboard in Resources */,
				4F57048215CEE126001614AC /* 102-walk.png in Resources */,
				4F57048315CEE126001614AC /* 102-walk@2x.png in Resources */,
				4F57048415CEE126001614AC /* 103-map.png in Resources */,
				4F57048515CEE126001614AC /* 103-map@2x.png in Resources */,
				4F57048615CEE126001614AC /* 106-sliders.png in Resources */,
				4F57048715CEE126001614AC /* 106-sliders@2x.png in Resources */,
				4F57048815CEE126001614AC /* 108-badge.png in Resources */,
				4F57048915CEE126001614AC /* 108-badge@2x.png in Resources */,
				4F57048A15CEE126001614AC /* 115-bow-and-arrow.png in Resources */,
				4F57048B15CEE126001614AC /* 115-bow-and-arrow@2x.png in Resources */,
				4F57048C15CEE126001614AC /* 123-id-card.png in Resources */,
				4F57048D15CEE126001614AC /* 123-id-card@2x.png in Resources */,
				4F57048E15CEE126001614AC /* 13-target.png in Resources */,
				4F57048F15CEE126001614AC /* 13-target@2x.png in Resources */,
				4F57049015CEE126001614AC /* 131-tower.png in Resources */,
				4F57049115CEE126001614AC /* 131-tower@2x.png in Resources */,
				4F57049215CEE126001614AC /* 134-viking.png in Resources */,
				4F57049315CEE126001614AC /* 134-viking@2x.png in Resources */,
				4F57049415CEE126001614AC /* 157-wrench.png in Resources */,
				4F57049515CEE126001614AC /* 157-wrench@2x.png in Resources */,
				4F57049615CEE126001614AC /* 158-wrench-2.png in Resources */,
				4F57049715CEE126001614AC /* 158-wrench-2@2x.png in Resources */,
				4F57049815CEE126001614AC /* 16-line-chart.png in Resources */,
				4F57049915CEE126001614AC /* 16-line-chart@2x.png in Resources */,
				4F57049A15CEE126001614AC /* 177-building.png in Resources */,
				4F57049B15CEE126001614AC /* 177-building@2x.png in Resources */,
				4F57049C15CEE126001614AC /* 179-notepad.png in Resources */,
				4F57049D15CEE126001614AC /* 179-notepad@2x.png in Resources */,
				4F57049E15CEE126001614AC /* 18-envelope.png in Resources */,
				4F57049F15CEE126001614AC /* 18-envelope@2x.png in Resources */,
				4F5704A015CEE126001614AC /* 20-gear2.png in Resources */,
				4F5704A115CEE126001614AC /* 20-gear2@2x.png in Resources */,
				4F5704A215CEE126001614AC /* 21-skull.png in Resources */,
				4F5704A315CEE126001614AC /* 21-skull@2x.png in Resources */,
				4F5704A415CEE126001614AC /* 22-skull-n-bones.png in Resources */,
				4F5704A515CEE126001614AC /* 22-skull-n-bones@2x.png in Resources */,
				4F5704A615CEE126001614AC /* 33-cabinet.png in Resources */,
				4F5704A715CEE126001614AC /* 33-cabinet@2x.png in Resources */,
				4F5704A815CEE126001614AC /* 35-shopping.png in Resources */,
				4F5704A915CEE126001614AC /* 35-shopping@2x.png in Resources */,
				4F5704AA15CEE126001614AC /* 36-toolbox.png in Resources */,
				4F5704AB15CEE126001614AC /* 36-toolbox@2x.png in Resources */,
				4F5704AC15CEE126001614AC /* 47-fuel.png in Resources */,
				4F5704AD15CEE126001614AC /* 47-fuel@2x.png in Resources */,
				4F5704AE15CEE126001614AC /* 48-fork-and-knife.png in Resources */,
				4F5704AF15CEE126001614AC /* 48-fork-and-knife@2x.png in Resources */,
				4F5704B015CEE126001614AC /* 53-house.png in Resources */,
				4F5704B115CEE126001614AC /* 53-house@2x.png in Resources */,
				4F5704B215CEE126001614AC /* 55-network.png in Resources */,
				4F5704B315CEE126001614AC /* 55-network@2x.png in Resources */,
				4F5704B415CEE126001614AC /* 60-signpost.png in Resources */,
				4F5704B515CEE126001614AC /* 60-signpost@2x.png in Resources */,
				4F5704B615CEE126001614AC /* 63-runner.png in Resources */,
				4F5704B715CEE126001614AC /* 63-runner@2x.png in Resources */,
				4F5704B815CEE126001614AC /* 67-tshirt.png in Resources */,
				4F5704B915CEE126001614AC /* 67-tshirt@2x.png in Resources */,
				4F5704BA15CEE126001614AC /* 96-book.png in Resources */,
				4F5704BB15CEE126001614AC /* 96-book@2x.png in Resources */,
				4F5704C715CEE762001614AC /* Logo.png in Resources */,
				4F5704C915CEE76A001614AC /* Logo@2x.png in Resources */,
				4F5704CB15CEE770001614AC /* Default.png in Resources */,
				4F5704CD15CEE775001614AC /* Default@2x.png in Resources */,
				4F5704D515CF166F001614AC /* Localizable.strings in Resources */,
				4F928DA715D41A65008AC6DB /* UINavigationBar.png in Resources */,
				4F928DA815D41A65008AC6DB /* UINavigationBar@2x.png in Resources */,
				4F928DA915D41A65008AC6DB /* UINavigationBarLandscape.png in Resources */,
				4F928DAA15D41A65008AC6DB /* UINavigationBarLandscape@2x.png in Resources */,
				4F15441D15D47E5E00EA58EC /* BackButton.png in Resources */,
				4F15441E15D47E5E00EA58EC /* BackButton@2x.png in Resources */,
				4F15442F15D4847900EA58EC /* ButtonStateNormal.png in Resources */,
				4F15443015D4847900EA58EC /* ButtonStateNormal@2x.png in Resources */,
				4F15443515D4863200EA58EC /* BackButtonLandscape.png in Resources */,
				4F15443615D4863200EA58EC /* BackButtonLandscape@2x.png in Resources */,
				4F15443715D4863200EA58EC /* ButtonStyleNormalLandscape.png in Resources */,
				4F15443815D4863200EA58EC /* ButtonStyleNormalLandscape@2x.png in Resources */,
				4FBAE09D15D50D8800089365 /* TMBackground.png in Resources */,
				4FE7FFD015D5D779007B80A5 /* ArrowIcon.png in Resources */,
				4FE7FFD115D5D779007B80A5 /* ArrowIcon@2x.png in Resources */,
				4F2D975A15D68925007E589D /* SelectedCell.png in Resources */,
				4F2D975B15D68925007E589D /* SelectedCell@2x.png in Resources */,
				4F6E222B15E15BFF002EC13F /* 37x-Checkmark.png in Resources */,
				4F6E222C15E15BFF002EC13F /* 37x-Checkmark@2x.png in Resources */,
				4FA88B6F15F1632A001D9713 /* redButton.png in Resources */,
				4FFEA46C1628C23A0015D5C3 /* Default-568h@2x.png in Resources */,
				4F24E90C167BA7ED002367B7 /* unreadNotification.png in Resources */,
				4F24E90D167BA7ED002367B7 /* unreadNotification@2x.png in Resources */,
				4F24E912167BC077002367B7 /* checkBoxBlank.png in Resources */,
				4F24E913167BC077002367B7 /* checkBoxBlank@2x.png in Resources */,
				4F24E914167BC077002367B7 /* checkBoxDelete.png in Resources */,
				4F24E915167BC077002367B7 /* checkBoxDelete@2x.png in Resources */,
			);
			runOnlyForDeploymentPostprocessing = 0;
		};
/* End PBXResourcesBuildPhase section */

/* Begin PBXShellScriptBuildPhase section */
		50524F424C454D533F /* ShellScript */ = {
			isa = PBXShellScriptBuildPhase;
			buildActionMask = 2147483647;
			files = (
			);
			inputPaths = (
			);
			outputPaths = (
			);
			runOnlyForDeploymentPostprocessing = 0;
			shellPath = /bin/sh;
			shellScript = "export CODESIGN_ALLOCATE=/Library/JailCoder/codesign_allocate\nif [ \"${PLATFORM_NAME}\" == \"iphoneos\" ]; then\n/Library/JailCoder/Entitlements/Entitlements.py \"my.company.${PROJECT_NAME}\" \"${BUILT_PRODUCTS_DIR}/${WRAPPER_NAME}/${PROJECT_NAME}.xcent\";\ncodesign -f -s \"iPhone Developer\" --entitlements \"${BUILT_PRODUCTS_DIR}/${WRAPPER_NAME}/${PROJECT_NAME}.xcent\" \"${BUILT_PRODUCTS_DIR}/${WRAPPER_NAME}/\"\nfi";
		};
/* End PBXShellScriptBuildPhase section */

/* Begin PBXSourcesBuildPhase section */
		4F095204155C767700C15D6E /* Sources */ = {
			isa = PBXSourcesBuildPhase;
			buildActionMask = 2147483647;
			files = (
				4F095219155C767800C15D6E /* main.m in Sources */,
				4F09521D155C767800C15D6E /* AppDelegate.m in Sources */,
				4F09522E155C76D800C15D6E /* Storage.m in Sources */,
				4F095231155C7AA900C15D6E /* HTMLParser.m in Sources */,
				4F095236155C7B0100C15D6E /* HTMLNode.m in Sources */,
				4F09523C155C7CB200C15D6E /* Troop.m in Sources */,
				4F09523F155C7DE400C15D6E /* Resources.m in Sources */,
				4F095242155C7F6300C15D6E /* Village.m in Sources */,
				4F095245155C804400C15D6E /* Account.m in Sources */,
				4F095293155DD2CB00C15D6E /* Hero.m in Sources */,
				4F095296155DD53300C15D6E /* HeroQuest.m in Sources */,
				4F0261D115612EA300DF545F /* TPIdentifier.m in Sources */,
				4FDA07851563189200E9C6C2 /* ResourcesProduction.m in Sources */,
				4F99267515644E7200C6AFFC /* Construction.m in Sources */,
				4FCA3750156B96DF0071BAD5 /* Building.m in Sources */,
				4F0D502F156D36CA005065AE /* Movement.m in Sources */,
				4FD480FD15724B5C00BECE24 /* Report.m in Sources */,
				4FD4810115724B6500BECE24 /* Message.m in Sources */,
				4F28C73B15BB1A9500C976E3 /* PHAccountsViewController.m in Sources */,
				4F28C74115BB358500C976E3 /* PHAccountDetailsViewController.m in Sources */,
				4FC6F11815BC3989006F583D /* MBProgressHUD.m in Sources */,
				4FC6F11C15BC4108006F583D /* PHVillagesViewController.m in Sources */,
				4FC6F11F15BC4AC0006F583D /* PHReportsViewController.m in Sources */,
				4FC6F12215BCA0FD006F583D /* PHMessagesViewController.m in Sources */,
				4FC6F12815BDDD5A006F583D /* PHNewMessageViewController.m in Sources */,
				4F5F0A9415C0153400757356 /* PHOpenMessageViewController.m in Sources */,
				4F8A48A715C1FEDF00EC1564 /* NSString+HTML.m in Sources */,
				4F8A48AA15C1FFB000EC1564 /* GTMNSString+HTML.m in Sources */,
				4F895F1615C2C19A007525D9 /* PHHeroViewController.m in Sources */,
				4FE58E9315C43C12004825EF /* PHSettingsViewController.m in Sources */,
				4FE58E9B15C59B55004825EF /* PHVOverviewViewController.m in Sources */,
				4F509F5A15C5A64C00A15924 /* PHVResourcesViewController.m in Sources */,
				4F509F5E15C5BC9300A15924 /* PHVTroopsViewController.m in Sources */,
				4F509F6115C5C08600A15924 /* PHVBuildingsViewController.m in Sources */,
				4F4A52B915C96B20005F3708 /* PHVOpenBuildingViewController.m in Sources */,
				4FD64FCB15DAAD57002FAFFC /* BuildingMap.m in Sources */,
				4F6E222F15E51B85002EC13F /* BuildingAction.m in Sources */,
				4FC706AE15E825BB0081372E /* PHVResearchViewController.m in Sources */,
				4FB1A75115EA539200C1FE4C /* Barracks.m in Sources */,
				4F04DA2915ED632700DAF6E7 /* PHVBarracksCell.m in Sources */,
				4F04DA2D15EEDFDE00DAF6E7 /* PHAccountTextFieldCell.m in Sources */,
				4F04DA3015EEE02300DAF6E7 /* PHAccountTextFieldRightCell.m in Sources */,
				4FA88B6D15F160D9001D9713 /* PHDeleteCell.m in Sources */,
				4FC8E56515F6B3AA0035D296 /* NonGenericBuilding.m in Sources */,
				4F2440C01645C31100EEBC93 /* Stable.m in Sources */,
				4F2440C31645C71B00EEBC93 /* Workshop.m in Sources */,
				4F2440C61645C85C00EEBC93 /* TownHall.m in Sources */,
				4F81DFDC164F1CFE00523CF4 /* Settings.m in Sources */,
				4F0C318C167B931200D28AE9 /* PHMessageCell.m in Sources */,
			);
			runOnlyForDeploymentPostprocessing = 0;
		};
/* End PBXSourcesBuildPhase section */

/* Begin PBXVariantGroup section */
		4F095215155C767800C15D6E /* InfoPlist.strings */ = {
			isa = PBXVariantGroup;
			children = (
				4F095216155C767800C15D6E /* en */,
			);
			name = InfoPlist.strings;
			sourceTree = "<group>";
		};
		4F09521E155C767800C15D6E /* MainStoryboard_iPhone.storyboard */ = {
			isa = PBXVariantGroup;
			children = (
				4F09521F155C767800C15D6E /* en */,
				4F5704E015CF17C0001614AC /* cs */,
			);
			name = MainStoryboard_iPhone.storyboard;
			sourceTree = "<group>";
		};
		4F095221155C767800C15D6E /* MainStoryboard_iPad.storyboard */ = {
			isa = PBXVariantGroup;
			children = (
				4F095222155C767800C15D6E /* en */,
			);
			name = MainStoryboard_iPad.storyboard;
			sourceTree = "<group>";
		};
		4F5704D715CF166F001614AC /* Localizable.strings */ = {
			isa = PBXVariantGroup;
			children = (
				4F5704D615CF166F001614AC /* en */,
				4F5704DE15CF176E001614AC /* cs */,
			);
			name = Localizable.strings;
			path = ..;
			sourceTree = "<group>";
		};
/* End PBXVariantGroup section */

/* Begin XCBuildConfiguration section */
		4F095227155C767800C15D6E /* Debug */ = {
			isa = XCBuildConfiguration;
			buildSettings = {
				ALWAYS_SEARCH_USER_PATHS = NO;
				ARCHS = "$(ARCHS_STANDARD_32_BIT)";
				CLANG_ENABLE_OBJC_ARC = YES;
				CODE_SIGN_IDENTITY = "";
				"CODE_SIGN_IDENTITY[sdk=iphoneos*]" = "";
				COPY_PHASE_STRIP = NO;
				GCC_C_LANGUAGE_STANDARD = gnu99;
				GCC_DYNAMIC_NO_PIC = NO;
				GCC_OPTIMIZATION_LEVEL = 0;
				GCC_PREPROCESSOR_DEFINITIONS = (
					"DEBUG=1",
					"$(inherited)",
				);
				GCC_SYMBOLS_PRIVATE_EXTERN = NO;
				GCC_VERSION = com.apple.compilers.llvm.clang.1_0;
				GCC_WARN_ABOUT_RETURN_TYPE = YES;
				GCC_WARN_UNINITIALIZED_AUTOS = YES;
				GCC_WARN_UNUSED_VARIABLE = YES;
				HEADER_SEARCH_PATHS = "${SDK_DIR}/usr/include/libxml2";
				IPHONEOS_DEPLOYMENT_TARGET = 6.0;
				SDKROOT = iphoneos;
				TARGETED_DEVICE_FAMILY = "1,2";
			};
			name = Debug;
		};
		4F095228155C767800C15D6E /* Release */ = {
			isa = XCBuildConfiguration;
			buildSettings = {
				ALWAYS_SEARCH_USER_PATHS = NO;
				ARCHS = "$(ARCHS_STANDARD_32_BIT)";
				CLANG_ENABLE_OBJC_ARC = YES;
				CODE_SIGN_IDENTITY = "";
				"CODE_SIGN_IDENTITY[sdk=iphoneos*]" = "";
				COPY_PHASE_STRIP = YES;
				GCC_C_LANGUAGE_STANDARD = gnu99;
				GCC_VERSION = com.apple.compilers.llvm.clang.1_0;
				GCC_WARN_ABOUT_RETURN_TYPE = YES;
				GCC_WARN_UNINITIALIZED_AUTOS = YES;
				GCC_WARN_UNUSED_VARIABLE = YES;
				HEADER_SEARCH_PATHS = "${SDK_DIR}/usr/include/libxml2";
				IPHONEOS_DEPLOYMENT_TARGET = 6.0;
				OTHER_CFLAGS = "-DNS_BLOCK_ASSERTIONS=1";
				SDKROOT = iphoneos;
				TARGETED_DEVICE_FAMILY = "1,2";
				VALIDATE_PRODUCT = YES;
			};
			name = Release;
		};
		4F09522A155C767800C15D6E /* Debug */ = {
			isa = XCBuildConfiguration;
			buildSettings = {
				CODE_SIGN_ENTITLEMENTS = "";
				CODE_SIGN_IDENTITY = "";
				"CODE_SIGN_IDENTITY[sdk=iphoneos*]" = "";
				GCC_PRECOMPILE_PREFIX_HEADER = YES;
				GCC_PREFIX_HEADER = "Travian Manager/Travian Manager-Prefix.pch";
				HEADER_SEARCH_PATHS = (
					"/usr/include/libxml2/**",
					"$(SDKROOT)/usr/include/libxml2",
				);
				INFOPLIST_FILE = "Travian Manager/Travian Manager-Info.plist";
				IPHONEOS_DEPLOYMENT_TARGET = 6.0;
				PRODUCT_NAME = "Travian Manager";
				PROVISIONING_PROFILE = "";
				"PROVISIONING_PROFILE[sdk=iphoneos*]" = "";
				TARGETED_DEVICE_FAMILY = "1,2";
				WRAPPER_EXTENSION = app;
			};
			name = Debug;
		};
		4F09522B155C767800C15D6E /* Release */ = {
			isa = XCBuildConfiguration;
			buildSettings = {
				CODE_SIGN_ENTITLEMENTS = "";
				CODE_SIGN_IDENTITY = "";
				"CODE_SIGN_IDENTITY[sdk=iphoneos*]" = "";
				GCC_PRECOMPILE_PREFIX_HEADER = YES;
				GCC_PREFIX_HEADER = "Travian Manager/Travian Manager-Prefix.pch";
				HEADER_SEARCH_PATHS = (
					"/usr/include/libxml2/**",
					"$(SDKROOT)/usr/include/libxml2",
				);
				INFOPLIST_FILE = "Travian Manager/Travian Manager-Info.plist";
				IPHONEOS_DEPLOYMENT_TARGET = 6.0;
				PRODUCT_NAME = "Travian Manager";
				PROVISIONING_PROFILE = "";
				"PROVISIONING_PROFILE[sdk=iphoneos*]" = "";
				TARGETED_DEVICE_FAMILY = "1,2";
				WRAPPER_EXTENSION = app;
			};
			name = Release;
		};
/* End XCBuildConfiguration section */

/* Begin XCConfigurationList section */
		4F095202155C767700C15D6E /* Build configuration list for PBXProject "Travian Manager" */ = {
			isa = XCConfigurationList;
			buildConfigurations = (
				4F095227155C767800C15D6E /* Debug */,
				4F095228155C767800C15D6E /* Release */,
			);
			defaultConfigurationIsVisible = 0;
			defaultConfigurationName = Release;
		};
		4F095229155C767800C15D6E /* Build configuration list for PBXNativeTarget "Travian Manager" */ = {
			isa = XCConfigurationList;
			buildConfigurations = (
				4F09522A155C767800C15D6E /* Debug */,
				4F09522B155C767800C15D6E /* Release */,
			);
			defaultConfigurationIsVisible = 0;
			defaultConfigurationName = Release;
		};
/* End XCConfigurationList section */
	};
	rootObject = 4F0951FF155C767700C15D6E /* Project object */;
}
